// !$*UTF8*$!
{
	archiveVersion = 1;
	classes = {
	};
	objectVersion = 46;
	objects = {

/* Begin PBXBuildFile section */
		811705EA159EE78800AF9835 /* FBDialog.bundle in Resources */ = {isa = PBXBuildFile; fileRef = 811705DD159EE78800AF9835 /* FBDialog.bundle */; };
		811705EB159EE78800AF9835 /* libfacebook_ios_sdk.a in Frameworks */ = {isa = PBXBuildFile; fileRef = 811705E3159EE78800AF9835 /* libfacebook_ios_sdk.a */; };
		8117067315A0257400AF9835 /* jQueryInject.txt in Resources */ = {isa = PBXBuildFile; fileRef = 8117063915A0257400AF9835 /* jQueryInject.txt */; };
		8117067415A0257400AF9835 /* jQueryInjectLandscape.txt in Resources */ = {isa = PBXBuildFile; fileRef = 8117063A15A0257400AF9835 /* jQueryInjectLandscape.txt */; };
		8117067515A0257400AF9835 /* libOAuth.a in Frameworks */ = {isa = PBXBuildFile; fileRef = 8117063B15A0257400AF9835 /* libOAuth.a */; };
		8117067615A0257400AF9835 /* MGTwitterEngine.m in Sources */ = {isa = PBXBuildFile; fileRef = 8117064E15A0257400AF9835 /* MGTwitterEngine.m */; settings = {COMPILER_FLAGS = "-fno-objc-arc"; }; };
		8117067715A0257400AF9835 /* MGTwitterHTTPURLConnection.m in Sources */ = {isa = PBXBuildFile; fileRef = 8117065215A0257400AF9835 /* MGTwitterHTTPURLConnection.m */; settings = {COMPILER_FLAGS = "-fno-objc-arc"; }; };
		8117067815A0257400AF9835 /* MGTwitterLibXMLParser.m in Sources */ = {isa = PBXBuildFile; fileRef = 8117065415A0257400AF9835 /* MGTwitterLibXMLParser.m */; settings = {COMPILER_FLAGS = "-fno-objc-arc"; }; };
		8117067915A0257400AF9835 /* MGTwitterMessagesLibXMLParser.m in Sources */ = {isa = PBXBuildFile; fileRef = 8117065615A0257400AF9835 /* MGTwitterMessagesLibXMLParser.m */; settings = {COMPILER_FLAGS = "-fno-objc-arc"; }; };
		8117067A15A0257400AF9835 /* MGTwitterMessagesParser.m in Sources */ = {isa = PBXBuildFile; fileRef = 8117065815A0257400AF9835 /* MGTwitterMessagesParser.m */; settings = {COMPILER_FLAGS = "-fno-objc-arc"; }; };
		8117067B15A0257400AF9835 /* MGTwitterMiscLibXMLParser.m in Sources */ = {isa = PBXBuildFile; fileRef = 8117065A15A0257400AF9835 /* MGTwitterMiscLibXMLParser.m */; settings = {COMPILER_FLAGS = "-fno-objc-arc"; }; };
		8117067C15A0257400AF9835 /* MGTwitterMiscParser.m in Sources */ = {isa = PBXBuildFile; fileRef = 8117065C15A0257400AF9835 /* MGTwitterMiscParser.m */; settings = {COMPILER_FLAGS = "-fno-objc-arc"; }; };
		8117067D15A0257400AF9835 /* MGTwitterStatusesLibXMLParser.m in Sources */ = {isa = PBXBuildFile; fileRef = 8117066015A0257400AF9835 /* MGTwitterStatusesLibXMLParser.m */; settings = {COMPILER_FLAGS = "-fno-objc-arc"; }; };
		8117067E15A0257400AF9835 /* MGTwitterStatusesParser.m in Sources */ = {isa = PBXBuildFile; fileRef = 8117066215A0257400AF9835 /* MGTwitterStatusesParser.m */; settings = {COMPILER_FLAGS = "-fno-objc-arc"; }; };
		8117067F15A0257400AF9835 /* MGTwitterUsersLibXMLParser.m in Sources */ = {isa = PBXBuildFile; fileRef = 8117066415A0257400AF9835 /* MGTwitterUsersLibXMLParser.m */; settings = {COMPILER_FLAGS = "-fno-objc-arc"; }; };
		8117068015A0257400AF9835 /* MGTwitterUsersParser.m in Sources */ = {isa = PBXBuildFile; fileRef = 8117066615A0257400AF9835 /* MGTwitterUsersParser.m */; settings = {COMPILER_FLAGS = "-fno-objc-arc"; }; };
		8117068115A0257400AF9835 /* MGTwitterXMLParser.m in Sources */ = {isa = PBXBuildFile; fileRef = 8117066815A0257400AF9835 /* MGTwitterXMLParser.m */; settings = {COMPILER_FLAGS = "-fno-objc-arc"; }; };
		8117068215A0257400AF9835 /* NSData+Base64.m in Sources */ = {isa = PBXBuildFile; fileRef = 8117066A15A0257400AF9835 /* NSData+Base64.m */; settings = {COMPILER_FLAGS = "-fno-objc-arc"; }; };
		8117068315A0257400AF9835 /* NSString+UUID.m in Sources */ = {isa = PBXBuildFile; fileRef = 8117066C15A0257400AF9835 /* NSString+UUID.m */; settings = {COMPILER_FLAGS = "-fno-objc-arc"; }; };
		8117068415A0257400AF9835 /* SA_OAuthTwitterController.m in Sources */ = {isa = PBXBuildFile; fileRef = 8117066F15A0257400AF9835 /* SA_OAuthTwitterController.m */; settings = {COMPILER_FLAGS = "-fno-objc-arc"; }; };
		8117068515A0257400AF9835 /* SA_OAuthTwitterEngine.m in Sources */ = {isa = PBXBuildFile; fileRef = 8117067115A0257400AF9835 /* SA_OAuthTwitterEngine.m */; settings = {COMPILER_FLAGS = "-fno-objc-arc"; }; };
		8117068615A0257400AF9835 /* twitter_load.png in Resources */ = {isa = PBXBuildFile; fileRef = 8117067215A0257400AF9835 /* twitter_load.png */; };
		8129EACD1591C94D004D0C6F /* PunchOnLog.m in Sources */ = {isa = PBXBuildFile; fileRef = 8129EACC1591C94D004D0C6F /* PunchOnLog.m */; };
		8129EAD31591DD86004D0C6F /* TableViewCellForPunchOnLogs.m in Sources */ = {isa = PBXBuildFile; fileRef = 8129EAD21591DD86004D0C6F /* TableViewCellForPunchOnLogs.m */; };
		8129EAE0159204F9004D0C6F /* TableViewHeaderHelper.m in Sources */ = {isa = PBXBuildFile; fileRef = 8129EADF159204F9004D0C6F /* TableViewHeaderHelper.m */; };
		8129EAEB1594B844004D0C6F /* MBProgressHUD.m in Sources */ = {isa = PBXBuildFile; fileRef = 8129EAEA1594B844004D0C6F /* MBProgressHUD.m */; };
		814B25981589E88A0067D161 /* PunchOnIssues.m in Sources */ = {isa = PBXBuildFile; fileRef = 814B25971589E88A0067D161 /* PunchOnIssues.m */; };
		814B25AB158B461D0067D161 /* MykiBalanceViewController.m in Sources */ = {isa = PBXBuildFile; fileRef = 814B25A9158B461C0067D161 /* MykiBalanceViewController.m */; };
		814B25AC158B461D0067D161 /* MykiBalanceViewController.xib in Resources */ = {isa = PBXBuildFile; fileRef = 814B25AA158B461C0067D161 /* MykiBalanceViewController.xib */; };
		814B25B4158B61950067D161 /* libxml2.dylib in Frameworks */ = {isa = PBXBuildFile; fileRef = 814B25B3158B61950067D161 /* libxml2.dylib */; };
		814B25B7158B7A2A0067D161 /* MykiAccountInformation.m in Sources */ = {isa = PBXBuildFile; fileRef = 814B25B6158B7A2A0067D161 /* MykiAccountInformation.m */; };
		815C19CB157F63AD0019419C /* UIKit.framework in Frameworks */ = {isa = PBXBuildFile; fileRef = 815C19CA157F63AD0019419C /* UIKit.framework */; };
		815C19CD157F63AD0019419C /* Foundation.framework in Frameworks */ = {isa = PBXBuildFile; fileRef = 815C19CC157F63AD0019419C /* Foundation.framework */; };
		815C19CF157F63AD0019419C /* CoreGraphics.framework in Frameworks */ = {isa = PBXBuildFile; fileRef = 815C19CE157F63AD0019419C /* CoreGraphics.framework */; };
		815C19D5157F63AD0019419C /* InfoPlist.strings in Resources */ = {isa = PBXBuildFile; fileRef = 815C19D3157F63AD0019419C /* InfoPlist.strings */; };
		815C19D7157F63AD0019419C /* main.m in Sources */ = {isa = PBXBuildFile; fileRef = 815C19D6157F63AD0019419C /* main.m */; };
		815C19DB157F63AD0019419C /* AppDelegate.m in Sources */ = {isa = PBXBuildFile; fileRef = 815C19DA157F63AD0019419C /* AppDelegate.m */; };
		815C19F7157F63AD0019419C /* SenTestingKit.framework in Frameworks */ = {isa = PBXBuildFile; fileRef = 815C19F6157F63AD0019419C /* SenTestingKit.framework */; };
		815C19F8157F63AD0019419C /* UIKit.framework in Frameworks */ = {isa = PBXBuildFile; fileRef = 815C19CA157F63AD0019419C /* UIKit.framework */; };
		815C19F9157F63AD0019419C /* Foundation.framework in Frameworks */ = {isa = PBXBuildFile; fileRef = 815C19CC157F63AD0019419C /* Foundation.framework */; };
		815C1A01157F63AD0019419C /* InfoPlist.strings in Resources */ = {isa = PBXBuildFile; fileRef = 815C19FF157F63AD0019419C /* InfoPlist.strings */; };
		815C1A04157F63AD0019419C /* shmykiTests.m in Sources */ = {isa = PBXBuildFile; fileRef = 815C1A03157F63AD0019419C /* shmykiTests.m */; };
		815C1A10157F64470019419C /* PunchOnViewController.m in Sources */ = {isa = PBXBuildFile; fileRef = 815C1A0E157F64470019419C /* PunchOnViewController.m */; };
		815C1A11157F64470019419C /* PunchOnViewController.xib in Resources */ = {isa = PBXBuildFile; fileRef = 815C1A0F157F64470019419C /* PunchOnViewController.xib */; };
		815C1A24157F68D20019419C /* InspectorMapViewController.m in Sources */ = {isa = PBXBuildFile; fileRef = 815C1A22157F68D20019419C /* InspectorMapViewController.m */; };
		815C1A25157F68D20019419C /* InspectorMapViewController.xib in Resources */ = {isa = PBXBuildFile; fileRef = 815C1A23157F68D20019419C /* InspectorMapViewController.xib */; };
		815C1A29157F79490019419C /* InformationViewController.m in Sources */ = {isa = PBXBuildFile; fileRef = 815C1A27157F79490019419C /* InformationViewController.m */; };
		815C1A2A157F79490019419C /* InformationViewController.xib in Resources */ = {isa = PBXBuildFile; fileRef = 815C1A28157F79490019419C /* InformationViewController.xib */; };
		815C1A2E157F836D0019419C /* EnterIssueViewController.m in Sources */ = {isa = PBXBuildFile; fileRef = 815C1A2C157F836C0019419C /* EnterIssueViewController.m */; };
		815C1A2F157F836D0019419C /* EnterIssueViewController.xib in Resources */ = {isa = PBXBuildFile; fileRef = 815C1A2D157F836C0019419C /* EnterIssueViewController.xib */; };
		815C1A8B1580AD800019419C /* Parse.framework in Frameworks */ = {isa = PBXBuildFile; fileRef = 815C1A8A1580AD800019419C /* Parse.framework */; };
		815C1A8D1580AE7C0019419C /* AudioToolbox.framework in Frameworks */ = {isa = PBXBuildFile; fileRef = 815C1A8C1580AE7B0019419C /* AudioToolbox.framework */; };
		815C1A8F1580AE870019419C /* CFNetwork.framework in Frameworks */ = {isa = PBXBuildFile; fileRef = 815C1A8E1580AE870019419C /* CFNetwork.framework */; };
		815C1A911580AEA40019419C /* SystemConfiguration.framework in Frameworks */ = {isa = PBXBuildFile; fileRef = 815C1A901580AEA40019419C /* SystemConfiguration.framework */; };
		815C1A931580AEB50019419C /* MobileCoreServices.framework in Frameworks */ = {isa = PBXBuildFile; fileRef = 815C1A921580AEB50019419C /* MobileCoreServices.framework */; };
		815C1A951580AF120019419C /* libz.1.1.3.dylib in Frameworks */ = {isa = PBXBuildFile; fileRef = 815C1A941580AF110019419C /* libz.1.1.3.dylib */; };
		815C1A971580AF200019419C /* Security.framework in Frameworks */ = {isa = PBXBuildFile; fileRef = 815C1A961580AF200019419C /* Security.framework */; };
		815C1A991580AF2B0019419C /* QuartzCore.framework in Frameworks */ = {isa = PBXBuildFile; fileRef = 815C1A981580AF2B0019419C /* QuartzCore.framework */; };
		817BFA521587277100F3BEE1 /* ShmykiContstants.m in Sources */ = {isa = PBXBuildFile; fileRef = 817BFA511587277100F3BEE1 /* ShmykiContstants.m */; };
		817C21DE15AD96C400D35D3A /* ComingFeaturesViewController.m in Sources */ = {isa = PBXBuildFile; fileRef = 817C21DC15AD96C400D35D3A /* ComingFeaturesViewController.m */; };
		817C21DF15AD96C400D35D3A /* ComingFeaturesViewController.xib in Resources */ = {isa = PBXBuildFile; fileRef = 817C21DD15AD96C400D35D3A /* ComingFeaturesViewController.xib */; };
		817C21E315AD9BBF00D35D3A /* YourMykiCustomButton.m in Sources */ = {isa = PBXBuildFile; fileRef = 817C21E215AD9BBF00D35D3A /* YourMykiCustomButton.m */; };
		817C21F215B2737000D35D3A /* MessageUI.framework in Frameworks */ = {isa = PBXBuildFile; fileRef = 817C21F115B2736F00D35D3A /* MessageUI.framework */; };
		818020AB1585EC7300501773 /* images in Resources */ = {isa = PBXBuildFile; fileRef = 818020AA1585EC7300501773 /* images */; };
		818811481585A9DA00CDDF3E /* InspectorMapKitAnnotation.m in Sources */ = {isa = PBXBuildFile; fileRef = 818811471585A9DA00CDDF3E /* InspectorMapKitAnnotation.m */; };
		8189722E15A469200040FC23 /* PunchOnLogsCache.m in Sources */ = {isa = PBXBuildFile; fileRef = 8189722D15A469200040FC23 /* PunchOnLogsCache.m */; };
		8189724F15A909250040FC23 /* Icon114px.png in Resources */ = {isa = PBXBuildFile; fileRef = 8189724E15A909250040FC23 /* Icon114px.png */; };
		8189725115A9092E0040FC23 /* Icon57px.png in Resources */ = {isa = PBXBuildFile; fileRef = 8189725015A9092D0040FC23 /* Icon57px.png */; };
		8189725315A9093A0040FC23 /* Default.png in Resources */ = {isa = PBXBuildFile; fileRef = 8189725215A909390040FC23 /* Default.png */; };
		8189725515A9093E0040FC23 /* Default@2x.png in Resources */ = {isa = PBXBuildFile; fileRef = 8189725415A9093E0040FC23 /* Default@2x.png */; };
		8189726015A919280040FC23 /* HelpImages.m in Sources */ = {isa = PBXBuildFile; fileRef = 8189725F15A919280040FC23 /* HelpImages.m */; };
		8189726915A951E60040FC23 /* HelveticaNeue.dfont in Resources */ = {isa = PBXBuildFile; fileRef = 8189726815A951E60040FC23 /* HelveticaNeue.dfont */; };
		8189726D15AAE3060040FC23 /* AboutPageViewController.m in Sources */ = {isa = PBXBuildFile; fileRef = 8189726B15AAE3040040FC23 /* AboutPageViewController.m */; };
		8189726E15AAE3060040FC23 /* AboutPageViewController.xib in Resources */ = {isa = PBXBuildFile; fileRef = 8189726C15AAE3050040FC23 /* AboutPageViewController.xib */; };
		8189727115AB972E0040FC23 /* DateDisplayHelper.m in Sources */ = {isa = PBXBuildFile; fileRef = 8189727015AB972D0040FC23 /* DateDisplayHelper.m */; };
		818BE4241584618B00775392 /* PunchOnLogsViewController.m in Sources */ = {isa = PBXBuildFile; fileRef = 818BE4231584618B00775392 /* PunchOnLogsViewController.m */; };
		818BE42A1584689400775392 /* MapKit.framework in Frameworks */ = {isa = PBXBuildFile; fileRef = 818BE4291584689400775392 /* MapKit.framework */; };
		818BE42C1584689E00775392 /* CoreLocation.framework in Frameworks */ = {isa = PBXBuildFile; fileRef = 818BE42B1584689E00775392 /* CoreLocation.framework */; };
		819A6A1D1595D22E002ABA35 /* EnterLocationViewController.m in Sources */ = {isa = PBXBuildFile; fileRef = 819A6A1B1595D22E002ABA35 /* EnterLocationViewController.m */; };
		819A6A1E1595D22E002ABA35 /* EnterLocationViewController.xib in Resources */ = {isa = PBXBuildFile; fileRef = 819A6A1C1595D22E002ABA35 /* EnterLocationViewController.xib */; };
		819A6A221596C5F4002ABA35 /* StationLocations.m in Sources */ = {isa = PBXBuildFile; fileRef = 819A6A211596C5F4002ABA35 /* StationLocations.m */; };
		81BF9CD416088C8600BF14F8 /* FeatureToggle.m in Sources */ = {isa = PBXBuildFile; fileRef = 81BF9CD316088C8600BF14F8 /* FeatureToggle.m */; };
/* End PBXBuildFile section */

/* Begin PBXContainerItemProxy section */
		815C19FA157F63AD0019419C /* PBXContainerItemProxy */ = {
			isa = PBXContainerItemProxy;
			containerPortal = 815C19BD157F63AC0019419C /* Project object */;
			proxyType = 1;
			remoteGlobalIDString = 815C19C5157F63AD0019419C;
			remoteInfo = shmyki;
		};
/* End PBXContainerItemProxy section */

/* Begin PBXFileReference section */
		811705DB159EE78800AF9835 /* Facebook.h */ = {isa = PBXFileReference; fileEncoding = 4; lastKnownFileType = sourcecode.c.h; path = Facebook.h; sourceTree = "<group>"; };
		811705DC159EE78800AF9835 /* FBConnect.h */ = {isa = PBXFileReference; fileEncoding = 4; lastKnownFileType = sourcecode.c.h; path = FBConnect.h; sourceTree = "<group>"; };
		811705DD159EE78800AF9835 /* FBDialog.bundle */ = {isa = PBXFileReference; lastKnownFileType = "wrapper.plug-in"; path = FBDialog.bundle; sourceTree = "<group>"; };
		811705DE159EE78800AF9835 /* FBDialog.h */ = {isa = PBXFileReference; fileEncoding = 4; lastKnownFileType = sourcecode.c.h; path = FBDialog.h; sourceTree = "<group>"; };
		811705DF159EE78800AF9835 /* FBFrictionlessRequestSettings.h */ = {isa = PBXFileReference; fileEncoding = 4; lastKnownFileType = sourcecode.c.h; path = FBFrictionlessRequestSettings.h; sourceTree = "<group>"; };
		811705E0159EE78800AF9835 /* FBLoginDialog.h */ = {isa = PBXFileReference; fileEncoding = 4; lastKnownFileType = sourcecode.c.h; path = FBLoginDialog.h; sourceTree = "<group>"; };
		811705E1159EE78800AF9835 /* FBRequest.h */ = {isa = PBXFileReference; fileEncoding = 4; lastKnownFileType = sourcecode.c.h; path = FBRequest.h; sourceTree = "<group>"; };
		811705E2159EE78800AF9835 /* JSON.h */ = {isa = PBXFileReference; fileEncoding = 4; lastKnownFileType = sourcecode.c.h; path = JSON.h; sourceTree = "<group>"; };
		811705E3159EE78800AF9835 /* libfacebook_ios_sdk.a */ = {isa = PBXFileReference; lastKnownFileType = archive.ar; path = libfacebook_ios_sdk.a; sourceTree = "<group>"; };
		811705E4159EE78800AF9835 /* NSObject+SBJSON.h */ = {isa = PBXFileReference; fileEncoding = 4; lastKnownFileType = sourcecode.c.h; path = "NSObject+SBJSON.h"; sourceTree = "<group>"; };
		811705E5159EE78800AF9835 /* NSString+SBJSON.h */ = {isa = PBXFileReference; fileEncoding = 4; lastKnownFileType = sourcecode.c.h; path = "NSString+SBJSON.h"; sourceTree = "<group>"; };
		811705E6159EE78800AF9835 /* SBJSON.h */ = {isa = PBXFileReference; fileEncoding = 4; lastKnownFileType = sourcecode.c.h; path = SBJSON.h; sourceTree = "<group>"; };
		811705E7159EE78800AF9835 /* SBJsonBase.h */ = {isa = PBXFileReference; fileEncoding = 4; lastKnownFileType = sourcecode.c.h; path = SBJsonBase.h; sourceTree = "<group>"; };
		811705E8159EE78800AF9835 /* SBJsonParser.h */ = {isa = PBXFileReference; fileEncoding = 4; lastKnownFileType = sourcecode.c.h; path = SBJsonParser.h; sourceTree = "<group>"; };
		811705E9159EE78800AF9835 /* SBJsonWriter.h */ = {isa = PBXFileReference; fileEncoding = 4; lastKnownFileType = sourcecode.c.h; path = SBJsonWriter.h; sourceTree = "<group>"; };
		8117063915A0257400AF9835 /* jQueryInject.txt */ = {isa = PBXFileReference; fileEncoding = 4; lastKnownFileType = text; path = jQueryInject.txt; sourceTree = "<group>"; };
		8117063A15A0257400AF9835 /* jQueryInjectLandscape.txt */ = {isa = PBXFileReference; fileEncoding = 4; lastKnownFileType = text; path = jQueryInjectLandscape.txt; sourceTree = "<group>"; };
		8117063B15A0257400AF9835 /* libOAuth.a */ = {isa = PBXFileReference; lastKnownFileType = archive.ar; path = libOAuth.a; sourceTree = "<group>"; };
		8117063D15A0257400AF9835 /* NSMutableURLRequest+Parameters.h */ = {isa = PBXFileReference; fileEncoding = 4; lastKnownFileType = sourcecode.c.h; path = "NSMutableURLRequest+Parameters.h"; sourceTree = "<group>"; };
		8117063E15A0257400AF9835 /* NSString+URLEncoding.h */ = {isa = PBXFileReference; fileEncoding = 4; lastKnownFileType = sourcecode.c.h; path = "NSString+URLEncoding.h"; sourceTree = "<group>"; };
		8117063F15A0257400AF9835 /* NSURL+Base.h */ = {isa = PBXFileReference; fileEncoding = 4; lastKnownFileType = sourcecode.c.h; path = "NSURL+Base.h"; sourceTree = "<group>"; };
		8117064015A0257400AF9835 /* OAAsynchronousDataFetcher.h */ = {isa = PBXFileReference; fileEncoding = 4; lastKnownFileType = sourcecode.c.h; path = OAAsynchronousDataFetcher.h; sourceTree = "<group>"; };
		8117064115A0257400AF9835 /* OAConsumer.h */ = {isa = PBXFileReference; fileEncoding = 4; lastKnownFileType = sourcecode.c.h; path = OAConsumer.h; sourceTree = "<group>"; };
		8117064215A0257400AF9835 /* OADataFetcher.h */ = {isa = PBXFileReference; fileEncoding = 4; lastKnownFileType = sourcecode.c.h; path = OADataFetcher.h; sourceTree = "<group>"; };
		8117064315A0257400AF9835 /* OAHMAC_SHA1SignatureProvider.h */ = {isa = PBXFileReference; fileEncoding = 4; lastKnownFileType = sourcecode.c.h; path = OAHMAC_SHA1SignatureProvider.h; sourceTree = "<group>"; };
		8117064415A0257400AF9835 /* OAMutableURLRequest.h */ = {isa = PBXFileReference; fileEncoding = 4; lastKnownFileType = sourcecode.c.h; path = OAMutableURLRequest.h; sourceTree = "<group>"; };
		8117064515A0257400AF9835 /* OAPlaintextSignatureProvider.h */ = {isa = PBXFileReference; fileEncoding = 4; lastKnownFileType = sourcecode.c.h; path = OAPlaintextSignatureProvider.h; sourceTree = "<group>"; };
		8117064615A0257400AF9835 /* OARequestParameter.h */ = {isa = PBXFileReference; fileEncoding = 4; lastKnownFileType = sourcecode.c.h; path = OARequestParameter.h; sourceTree = "<group>"; };
		8117064715A0257400AF9835 /* OAServiceTicket.h */ = {isa = PBXFileReference; fileEncoding = 4; lastKnownFileType = sourcecode.c.h; path = OAServiceTicket.h; sourceTree = "<group>"; };
		8117064815A0257400AF9835 /* OASignatureProviding.h */ = {isa = PBXFileReference; fileEncoding = 4; lastKnownFileType = sourcecode.c.h; path = OASignatureProviding.h; sourceTree = "<group>"; };
		8117064915A0257400AF9835 /* OAToken.h */ = {isa = PBXFileReference; fileEncoding = 4; lastKnownFileType = sourcecode.c.h; path = OAToken.h; sourceTree = "<group>"; };
		8117064A15A0257400AF9835 /* OAToken_KeychainExtensions.h */ = {isa = PBXFileReference; fileEncoding = 4; lastKnownFileType = sourcecode.c.h; path = OAToken_KeychainExtensions.h; sourceTree = "<group>"; };
		8117064B15A0257400AF9835 /* OAuthConsumer.h */ = {isa = PBXFileReference; fileEncoding = 4; lastKnownFileType = sourcecode.c.h; path = OAuthConsumer.h; sourceTree = "<group>"; };
		8117064D15A0257400AF9835 /* MGTwitterEngine.h */ = {isa = PBXFileReference; fileEncoding = 4; lastKnownFileType = sourcecode.c.h; path = MGTwitterEngine.h; sourceTree = "<group>"; };
		8117064E15A0257400AF9835 /* MGTwitterEngine.m */ = {isa = PBXFileReference; fileEncoding = 4; lastKnownFileType = sourcecode.c.objc; path = MGTwitterEngine.m; sourceTree = "<group>"; };
		8117064F15A0257400AF9835 /* MGTwitterEngineDelegate.h */ = {isa = PBXFileReference; fileEncoding = 4; lastKnownFileType = sourcecode.c.h; path = MGTwitterEngineDelegate.h; sourceTree = "<group>"; };
		8117065015A0257400AF9835 /* MGTwitterEngineGlobalHeader.h */ = {isa = PBXFileReference; fileEncoding = 4; lastKnownFileType = sourcecode.c.h; path = MGTwitterEngineGlobalHeader.h; sourceTree = "<group>"; };
		8117065115A0257400AF9835 /* MGTwitterHTTPURLConnection.h */ = {isa = PBXFileReference; fileEncoding = 4; lastKnownFileType = sourcecode.c.h; path = MGTwitterHTTPURLConnection.h; sourceTree = "<group>"; };
		8117065215A0257400AF9835 /* MGTwitterHTTPURLConnection.m */ = {isa = PBXFileReference; fileEncoding = 4; lastKnownFileType = sourcecode.c.objc; path = MGTwitterHTTPURLConnection.m; sourceTree = "<group>"; };
		8117065315A0257400AF9835 /* MGTwitterLibXMLParser.h */ = {isa = PBXFileReference; fileEncoding = 4; lastKnownFileType = sourcecode.c.h; path = MGTwitterLibXMLParser.h; sourceTree = "<group>"; };
		8117065415A0257400AF9835 /* MGTwitterLibXMLParser.m */ = {isa = PBXFileReference; fileEncoding = 4; lastKnownFileType = sourcecode.c.objc; path = MGTwitterLibXMLParser.m; sourceTree = "<group>"; };
		8117065515A0257400AF9835 /* MGTwitterMessagesLibXMLParser.h */ = {isa = PBXFileReference; fileEncoding = 4; lastKnownFileType = sourcecode.c.h; path = MGTwitterMessagesLibXMLParser.h; sourceTree = "<group>"; };
		8117065615A0257400AF9835 /* MGTwitterMessagesLibXMLParser.m */ = {isa = PBXFileReference; fileEncoding = 4; lastKnownFileType = sourcecode.c.objc; path = MGTwitterMessagesLibXMLParser.m; sourceTree = "<group>"; };
		8117065715A0257400AF9835 /* MGTwitterMessagesParser.h */ = {isa = PBXFileReference; fileEncoding = 4; lastKnownFileType = sourcecode.c.h; path = MGTwitterMessagesParser.h; sourceTree = "<group>"; };
		8117065815A0257400AF9835 /* MGTwitterMessagesParser.m */ = {isa = PBXFileReference; fileEncoding = 4; lastKnownFileType = sourcecode.c.objc; path = MGTwitterMessagesParser.m; sourceTree = "<group>"; };
		8117065915A0257400AF9835 /* MGTwitterMiscLibXMLParser.h */ = {isa = PBXFileReference; fileEncoding = 4; lastKnownFileType = sourcecode.c.h; path = MGTwitterMiscLibXMLParser.h; sourceTree = "<group>"; };
		8117065A15A0257400AF9835 /* MGTwitterMiscLibXMLParser.m */ = {isa = PBXFileReference; fileEncoding = 4; lastKnownFileType = sourcecode.c.objc; path = MGTwitterMiscLibXMLParser.m; sourceTree = "<group>"; };
		8117065B15A0257400AF9835 /* MGTwitterMiscParser.h */ = {isa = PBXFileReference; fileEncoding = 4; lastKnownFileType = sourcecode.c.h; path = MGTwitterMiscParser.h; sourceTree = "<group>"; };
		8117065C15A0257400AF9835 /* MGTwitterMiscParser.m */ = {isa = PBXFileReference; fileEncoding = 4; lastKnownFileType = sourcecode.c.objc; path = MGTwitterMiscParser.m; sourceTree = "<group>"; };
		8117065D15A0257400AF9835 /* MGTwitterParserDelegate.h */ = {isa = PBXFileReference; fileEncoding = 4; lastKnownFileType = sourcecode.c.h; path = MGTwitterParserDelegate.h; sourceTree = "<group>"; };
		8117065E15A0257400AF9835 /* MGTwitterRequestTypes.h */ = {isa = PBXFileReference; fileEncoding = 4; lastKnownFileType = sourcecode.c.h; path = MGTwitterRequestTypes.h; sourceTree = "<group>"; };
		8117065F15A0257400AF9835 /* MGTwitterStatusesLibXMLParser.h */ = {isa = PBXFileReference; fileEncoding = 4; lastKnownFileType = sourcecode.c.h; path = MGTwitterStatusesLibXMLParser.h; sourceTree = "<group>"; };
		8117066015A0257400AF9835 /* MGTwitterStatusesLibXMLParser.m */ = {isa = PBXFileReference; fileEncoding = 4; lastKnownFileType = sourcecode.c.objc; path = MGTwitterStatusesLibXMLParser.m; sourceTree = "<group>"; };
		8117066115A0257400AF9835 /* MGTwitterStatusesParser.h */ = {isa = PBXFileReference; fileEncoding = 4; lastKnownFileType = sourcecode.c.h; path = MGTwitterStatusesParser.h; sourceTree = "<group>"; };
		8117066215A0257400AF9835 /* MGTwitterStatusesParser.m */ = {isa = PBXFileReference; fileEncoding = 4; lastKnownFileType = sourcecode.c.objc; path = MGTwitterStatusesParser.m; sourceTree = "<group>"; };
		8117066315A0257400AF9835 /* MGTwitterUsersLibXMLParser.h */ = {isa = PBXFileReference; fileEncoding = 4; lastKnownFileType = sourcecode.c.h; path = MGTwitterUsersLibXMLParser.h; sourceTree = "<group>"; };
		8117066415A0257400AF9835 /* MGTwitterUsersLibXMLParser.m */ = {isa = PBXFileReference; fileEncoding = 4; lastKnownFileType = sourcecode.c.objc; path = MGTwitterUsersLibXMLParser.m; sourceTree = "<group>"; };
		8117066515A0257400AF9835 /* MGTwitterUsersParser.h */ = {isa = PBXFileReference; fileEncoding = 4; lastKnownFileType = sourcecode.c.h; path = MGTwitterUsersParser.h; sourceTree = "<group>"; };
		8117066615A0257400AF9835 /* MGTwitterUsersParser.m */ = {isa = PBXFileReference; fileEncoding = 4; lastKnownFileType = sourcecode.c.objc; path = MGTwitterUsersParser.m; sourceTree = "<group>"; };
		8117066715A0257400AF9835 /* MGTwitterXMLParser.h */ = {isa = PBXFileReference; fileEncoding = 4; lastKnownFileType = sourcecode.c.h; path = MGTwitterXMLParser.h; sourceTree = "<group>"; };
		8117066815A0257400AF9835 /* MGTwitterXMLParser.m */ = {isa = PBXFileReference; fileEncoding = 4; lastKnownFileType = sourcecode.c.objc; path = MGTwitterXMLParser.m; sourceTree = "<group>"; };
		8117066915A0257400AF9835 /* NSData+Base64.h */ = {isa = PBXFileReference; fileEncoding = 4; lastKnownFileType = sourcecode.c.h; path = "NSData+Base64.h"; sourceTree = "<group>"; };
		8117066A15A0257400AF9835 /* NSData+Base64.m */ = {isa = PBXFileReference; fileEncoding = 4; lastKnownFileType = sourcecode.c.objc; path = "NSData+Base64.m"; sourceTree = "<group>"; };
		8117066B15A0257400AF9835 /* NSString+UUID.h */ = {isa = PBXFileReference; fileEncoding = 4; lastKnownFileType = sourcecode.c.h; path = "NSString+UUID.h"; sourceTree = "<group>"; };
		8117066C15A0257400AF9835 /* NSString+UUID.m */ = {isa = PBXFileReference; fileEncoding = 4; lastKnownFileType = sourcecode.c.objc; path = "NSString+UUID.m"; sourceTree = "<group>"; };
		8117066E15A0257400AF9835 /* SA_OAuthTwitterController.h */ = {isa = PBXFileReference; fileEncoding = 4; lastKnownFileType = sourcecode.c.h; path = SA_OAuthTwitterController.h; sourceTree = "<group>"; };
		8117066F15A0257400AF9835 /* SA_OAuthTwitterController.m */ = {isa = PBXFileReference; fileEncoding = 4; lastKnownFileType = sourcecode.c.objc; path = SA_OAuthTwitterController.m; sourceTree = "<group>"; };
		8117067015A0257400AF9835 /* SA_OAuthTwitterEngine.h */ = {isa = PBXFileReference; fileEncoding = 4; lastKnownFileType = sourcecode.c.h; path = SA_OAuthTwitterEngine.h; sourceTree = "<group>"; };
		8117067115A0257400AF9835 /* SA_OAuthTwitterEngine.m */ = {isa = PBXFileReference; fileEncoding = 4; lastKnownFileType = sourcecode.c.objc; path = SA_OAuthTwitterEngine.m; sourceTree = "<group>"; };
		8117067215A0257400AF9835 /* twitter_load.png */ = {isa = PBXFileReference; lastKnownFileType = image.png; path = twitter_load.png; sourceTree = "<group>"; };
		8129EACB1591C94D004D0C6F /* PunchOnLog.h */ = {isa = PBXFileReference; fileEncoding = 4; lastKnownFileType = sourcecode.c.h; path = PunchOnLog.h; sourceTree = "<group>"; };
		8129EACC1591C94D004D0C6F /* PunchOnLog.m */ = {isa = PBXFileReference; fileEncoding = 4; lastKnownFileType = sourcecode.c.objc; path = PunchOnLog.m; sourceTree = "<group>"; };
		8129EAD11591DD86004D0C6F /* TableViewCellForPunchOnLogs.h */ = {isa = PBXFileReference; fileEncoding = 4; lastKnownFileType = sourcecode.c.h; path = TableViewCellForPunchOnLogs.h; sourceTree = "<group>"; };
		8129EAD21591DD86004D0C6F /* TableViewCellForPunchOnLogs.m */ = {isa = PBXFileReference; fileEncoding = 4; lastKnownFileType = sourcecode.c.objc; path = TableViewCellForPunchOnLogs.m; sourceTree = "<group>"; };
		8129EADE159204F9004D0C6F /* TableViewHeaderHelper.h */ = {isa = PBXFileReference; fileEncoding = 4; lastKnownFileType = sourcecode.c.h; path = TableViewHeaderHelper.h; sourceTree = "<group>"; };
		8129EADF159204F9004D0C6F /* TableViewHeaderHelper.m */ = {isa = PBXFileReference; fileEncoding = 4; lastKnownFileType = sourcecode.c.objc; path = TableViewHeaderHelper.m; sourceTree = "<group>"; };
		8129EAE91594B844004D0C6F /* MBProgressHUD.h */ = {isa = PBXFileReference; fileEncoding = 4; lastKnownFileType = sourcecode.c.h; path = MBProgressHUD.h; sourceTree = "<group>"; };
		8129EAEA1594B844004D0C6F /* MBProgressHUD.m */ = {isa = PBXFileReference; fileEncoding = 4; lastKnownFileType = sourcecode.c.objc; path = MBProgressHUD.m; sourceTree = "<group>"; };
		814B25961589E88A0067D161 /* PunchOnIssues.h */ = {isa = PBXFileReference; fileEncoding = 4; lastKnownFileType = sourcecode.c.h; path = PunchOnIssues.h; sourceTree = "<group>"; };
		814B25971589E88A0067D161 /* PunchOnIssues.m */ = {isa = PBXFileReference; fileEncoding = 4; lastKnownFileType = sourcecode.c.objc; path = PunchOnIssues.m; sourceTree = "<group>"; };
		814B25A8158B461C0067D161 /* MykiBalanceViewController.h */ = {isa = PBXFileReference; fileEncoding = 4; lastKnownFileType = sourcecode.c.h; path = MykiBalanceViewController.h; sourceTree = "<group>"; };
		814B25A9158B461C0067D161 /* MykiBalanceViewController.m */ = {isa = PBXFileReference; fileEncoding = 4; lastKnownFileType = sourcecode.c.objc; path = MykiBalanceViewController.m; sourceTree = "<group>"; };
		814B25AA158B461C0067D161 /* MykiBalanceViewController.xib */ = {isa = PBXFileReference; fileEncoding = 4; lastKnownFileType = file.xib; path = MykiBalanceViewController.xib; sourceTree = "<group>"; };
		814B25B1158B60C30067D161 /* libxml2.2.7.3.dylib */ = {isa = PBXFileReference; lastKnownFileType = "compiled.mach-o.dylib"; name = libxml2.2.7.3.dylib; path = usr/lib/libxml2.2.7.3.dylib; sourceTree = SDKROOT; };
		814B25B3158B61950067D161 /* libxml2.dylib */ = {isa = PBXFileReference; lastKnownFileType = "compiled.mach-o.dylib"; name = libxml2.dylib; path = usr/lib/libxml2.dylib; sourceTree = SDKROOT; };
		814B25B5158B7A2A0067D161 /* MykiAccountInformation.h */ = {isa = PBXFileReference; fileEncoding = 4; lastKnownFileType = sourcecode.c.h; path = MykiAccountInformation.h; sourceTree = "<group>"; };
		814B25B6158B7A2A0067D161 /* MykiAccountInformation.m */ = {isa = PBXFileReference; fileEncoding = 4; lastKnownFileType = sourcecode.c.objc; path = MykiAccountInformation.m; sourceTree = "<group>"; };
		815C19C6157F63AD0019419C /* yourMyki.app */ = {isa = PBXFileReference; explicitFileType = wrapper.application; includeInIndex = 0; path = yourMyki.app; sourceTree = BUILT_PRODUCTS_DIR; };
		815C19CA157F63AD0019419C /* UIKit.framework */ = {isa = PBXFileReference; lastKnownFileType = wrapper.framework; name = UIKit.framework; path = System/Library/Frameworks/UIKit.framework; sourceTree = SDKROOT; };
		815C19CC157F63AD0019419C /* Foundation.framework */ = {isa = PBXFileReference; lastKnownFileType = wrapper.framework; name = Foundation.framework; path = System/Library/Frameworks/Foundation.framework; sourceTree = SDKROOT; };
		815C19CE157F63AD0019419C /* CoreGraphics.framework */ = {isa = PBXFileReference; lastKnownFileType = wrapper.framework; name = CoreGraphics.framework; path = System/Library/Frameworks/CoreGraphics.framework; sourceTree = SDKROOT; };
		815C19D2157F63AD0019419C /* shmyki-Info.plist */ = {isa = PBXFileReference; lastKnownFileType = text.plist.xml; path = "shmyki-Info.plist"; sourceTree = "<group>"; };
		815C19D4157F63AD0019419C /* en */ = {isa = PBXFileReference; lastKnownFileType = text.plist.strings; name = en; path = en.lproj/InfoPlist.strings; sourceTree = "<group>"; };
		815C19D6157F63AD0019419C /* main.m */ = {isa = PBXFileReference; lastKnownFileType = sourcecode.c.objc; path = main.m; sourceTree = "<group>"; };
		815C19D8157F63AD0019419C /* shmyki-Prefix.pch */ = {isa = PBXFileReference; lastKnownFileType = sourcecode.c.h; path = "shmyki-Prefix.pch"; sourceTree = "<group>"; };
		815C19D9157F63AD0019419C /* AppDelegate.h */ = {isa = PBXFileReference; lastKnownFileType = sourcecode.c.h; path = AppDelegate.h; sourceTree = "<group>"; };
		815C19DA157F63AD0019419C /* AppDelegate.m */ = {isa = PBXFileReference; lastKnownFileType = sourcecode.c.objc; path = AppDelegate.m; sourceTree = "<group>"; };
		815C19F5157F63AD0019419C /* shmykiTests.octest */ = {isa = PBXFileReference; explicitFileType = wrapper.cfbundle; includeInIndex = 0; path = shmykiTests.octest; sourceTree = BUILT_PRODUCTS_DIR; };
		815C19F6157F63AD0019419C /* SenTestingKit.framework */ = {isa = PBXFileReference; lastKnownFileType = wrapper.framework; name = SenTestingKit.framework; path = Library/Frameworks/SenTestingKit.framework; sourceTree = DEVELOPER_DIR; };
		815C19FE157F63AD0019419C /* shmykiTests-Info.plist */ = {isa = PBXFileReference; lastKnownFileType = text.plist.xml; path = "shmykiTests-Info.plist"; sourceTree = "<group>"; };
		815C1A00157F63AD0019419C /* en */ = {isa = PBXFileReference; lastKnownFileType = text.plist.strings; name = en; path = en.lproj/InfoPlist.strings; sourceTree = "<group>"; };
		815C1A02157F63AD0019419C /* shmykiTests.h */ = {isa = PBXFileReference; lastKnownFileType = sourcecode.c.h; path = shmykiTests.h; sourceTree = "<group>"; };
		815C1A03157F63AD0019419C /* shmykiTests.m */ = {isa = PBXFileReference; lastKnownFileType = sourcecode.c.objc; path = shmykiTests.m; sourceTree = "<group>"; };
		815C1A0D157F64470019419C /* PunchOnViewController.h */ = {isa = PBXFileReference; fileEncoding = 4; lastKnownFileType = sourcecode.c.h; path = PunchOnViewController.h; sourceTree = "<group>"; };
		815C1A0E157F64470019419C /* PunchOnViewController.m */ = {isa = PBXFileReference; fileEncoding = 4; lastKnownFileType = sourcecode.c.objc; path = PunchOnViewController.m; sourceTree = "<group>"; };
		815C1A0F157F64470019419C /* PunchOnViewController.xib */ = {isa = PBXFileReference; fileEncoding = 4; lastKnownFileType = file.xib; path = PunchOnViewController.xib; sourceTree = "<group>"; };
		815C1A21157F68D20019419C /* InspectorMapViewController.h */ = {isa = PBXFileReference; fileEncoding = 4; lastKnownFileType = sourcecode.c.h; path = InspectorMapViewController.h; sourceTree = "<group>"; };
		815C1A22157F68D20019419C /* InspectorMapViewController.m */ = {isa = PBXFileReference; fileEncoding = 4; lastKnownFileType = sourcecode.c.objc; path = InspectorMapViewController.m; sourceTree = "<group>"; };
		815C1A23157F68D20019419C /* InspectorMapViewController.xib */ = {isa = PBXFileReference; fileEncoding = 4; lastKnownFileType = file.xib; path = InspectorMapViewController.xib; sourceTree = "<group>"; };
		815C1A26157F79490019419C /* InformationViewController.h */ = {isa = PBXFileReference; fileEncoding = 4; lastKnownFileType = sourcecode.c.h; path = InformationViewController.h; sourceTree = "<group>"; };
		815C1A27157F79490019419C /* InformationViewController.m */ = {isa = PBXFileReference; fileEncoding = 4; lastKnownFileType = sourcecode.c.objc; path = InformationViewController.m; sourceTree = "<group>"; };
		815C1A28157F79490019419C /* InformationViewController.xib */ = {isa = PBXFileReference; fileEncoding = 4; lastKnownFileType = file.xib; path = InformationViewController.xib; sourceTree = "<group>"; };
		815C1A2B157F836C0019419C /* EnterIssueViewController.h */ = {isa = PBXFileReference; fileEncoding = 4; lastKnownFileType = sourcecode.c.h; path = EnterIssueViewController.h; sourceTree = "<group>"; };
		815C1A2C157F836C0019419C /* EnterIssueViewController.m */ = {isa = PBXFileReference; fileEncoding = 4; lastKnownFileType = sourcecode.c.objc; path = EnterIssueViewController.m; sourceTree = "<group>"; };
		815C1A2D157F836C0019419C /* EnterIssueViewController.xib */ = {isa = PBXFileReference; fileEncoding = 4; lastKnownFileType = file.xib; path = EnterIssueViewController.xib; sourceTree = "<group>"; };
		815C1A8A1580AD800019419C /* Parse.framework */ = {isa = PBXFileReference; lastKnownFileType = wrapper.framework; path = Parse.framework; sourceTree = "<group>"; };
		815C1A8C1580AE7B0019419C /* AudioToolbox.framework */ = {isa = PBXFileReference; lastKnownFileType = wrapper.framework; name = AudioToolbox.framework; path = System/Library/Frameworks/AudioToolbox.framework; sourceTree = SDKROOT; };
		815C1A8E1580AE870019419C /* CFNetwork.framework */ = {isa = PBXFileReference; lastKnownFileType = wrapper.framework; name = CFNetwork.framework; path = System/Library/Frameworks/CFNetwork.framework; sourceTree = SDKROOT; };
		815C1A901580AEA40019419C /* SystemConfiguration.framework */ = {isa = PBXFileReference; lastKnownFileType = wrapper.framework; name = SystemConfiguration.framework; path = System/Library/Frameworks/SystemConfiguration.framework; sourceTree = SDKROOT; };
		815C1A921580AEB50019419C /* MobileCoreServices.framework */ = {isa = PBXFileReference; lastKnownFileType = wrapper.framework; name = MobileCoreServices.framework; path = System/Library/Frameworks/MobileCoreServices.framework; sourceTree = SDKROOT; };
		815C1A941580AF110019419C /* libz.1.1.3.dylib */ = {isa = PBXFileReference; lastKnownFileType = "compiled.mach-o.dylib"; name = libz.1.1.3.dylib; path = usr/lib/libz.1.1.3.dylib; sourceTree = SDKROOT; };
		815C1A961580AF200019419C /* Security.framework */ = {isa = PBXFileReference; lastKnownFileType = wrapper.framework; name = Security.framework; path = System/Library/Frameworks/Security.framework; sourceTree = SDKROOT; };
		815C1A981580AF2B0019419C /* QuartzCore.framework */ = {isa = PBXFileReference; lastKnownFileType = wrapper.framework; name = QuartzCore.framework; path = System/Library/Frameworks/QuartzCore.framework; sourceTree = SDKROOT; };
		817BFA501587277100F3BEE1 /* ShmykiContstants.h */ = {isa = PBXFileReference; fileEncoding = 4; lastKnownFileType = sourcecode.c.h; path = ShmykiContstants.h; sourceTree = "<group>"; };
		817BFA511587277100F3BEE1 /* ShmykiContstants.m */ = {isa = PBXFileReference; fileEncoding = 4; lastKnownFileType = sourcecode.c.objc; path = ShmykiContstants.m; sourceTree = "<group>"; };
		817C21DB15AD96C400D35D3A /* ComingFeaturesViewController.h */ = {isa = PBXFileReference; fileEncoding = 4; lastKnownFileType = sourcecode.c.h; path = ComingFeaturesViewController.h; sourceTree = "<group>"; };
		817C21DC15AD96C400D35D3A /* ComingFeaturesViewController.m */ = {isa = PBXFileReference; fileEncoding = 4; lastKnownFileType = sourcecode.c.objc; path = ComingFeaturesViewController.m; sourceTree = "<group>"; };
		817C21DD15AD96C400D35D3A /* ComingFeaturesViewController.xib */ = {isa = PBXFileReference; fileEncoding = 4; lastKnownFileType = file.xib; path = ComingFeaturesViewController.xib; sourceTree = "<group>"; };
		817C21E115AD9BBF00D35D3A /* YourMykiCustomButton.h */ = {isa = PBXFileReference; fileEncoding = 4; lastKnownFileType = sourcecode.c.h; path = YourMykiCustomButton.h; sourceTree = "<group>"; };
		817C21E215AD9BBF00D35D3A /* YourMykiCustomButton.m */ = {isa = PBXFileReference; fileEncoding = 4; lastKnownFileType = sourcecode.c.objc; path = YourMykiCustomButton.m; sourceTree = "<group>"; };
		817C21F115B2736F00D35D3A /* MessageUI.framework */ = {isa = PBXFileReference; lastKnownFileType = wrapper.framework; name = MessageUI.framework; path = System/Library/Frameworks/MessageUI.framework; sourceTree = SDKROOT; };
		818020AA1585EC7300501773 /* images */ = {isa = PBXFileReference; lastKnownFileType = folder; path = images; sourceTree = SOURCE_ROOT; };
		818811461585A9DA00CDDF3E /* InspectorMapKitAnnotation.h */ = {isa = PBXFileReference; fileEncoding = 4; lastKnownFileType = sourcecode.c.h; path = InspectorMapKitAnnotation.h; sourceTree = "<group>"; };
		818811471585A9DA00CDDF3E /* InspectorMapKitAnnotation.m */ = {isa = PBXFileReference; fileEncoding = 4; lastKnownFileType = sourcecode.c.objc; path = InspectorMapKitAnnotation.m; sourceTree = "<group>"; };
		8189722C15A469200040FC23 /* PunchOnLogsCache.h */ = {isa = PBXFileReference; fileEncoding = 4; lastKnownFileType = sourcecode.c.h; path = PunchOnLogsCache.h; sourceTree = "<group>"; };
		8189722D15A469200040FC23 /* PunchOnLogsCache.m */ = {isa = PBXFileReference; fileEncoding = 4; lastKnownFileType = sourcecode.c.objc; path = PunchOnLogsCache.m; sourceTree = "<group>"; };
		8189724E15A909250040FC23 /* Icon114px.png */ = {isa = PBXFileReference; lastKnownFileType = image.png; path = Icon114px.png; sourceTree = "<group>"; };
		8189725015A9092D0040FC23 /* Icon57px.png */ = {isa = PBXFileReference; lastKnownFileType = image.png; path = Icon57px.png; sourceTree = "<group>"; };
		8189725215A909390040FC23 /* Default.png */ = {isa = PBXFileReference; lastKnownFileType = image.png; path = Default.png; sourceTree = "<group>"; };
		8189725415A9093E0040FC23 /* Default@2x.png */ = {isa = PBXFileReference; lastKnownFileType = image.png; path = "Default@2x.png"; sourceTree = "<group>"; };
		8189725E15A919280040FC23 /* HelpImages.h */ = {isa = PBXFileReference; fileEncoding = 4; lastKnownFileType = sourcecode.c.h; path = HelpImages.h; sourceTree = "<group>"; };
		8189725F15A919280040FC23 /* HelpImages.m */ = {isa = PBXFileReference; fileEncoding = 4; lastKnownFileType = sourcecode.c.objc; path = HelpImages.m; sourceTree = "<group>"; };
		8189726815A951E60040FC23 /* HelveticaNeue.dfont */ = {isa = PBXFileReference; lastKnownFileType = file; path = HelveticaNeue.dfont; sourceTree = SOURCE_ROOT; };
		8189726A15AAE3030040FC23 /* AboutPageViewController.h */ = {isa = PBXFileReference; fileEncoding = 4; lastKnownFileType = sourcecode.c.h; path = AboutPageViewController.h; sourceTree = "<group>"; };
		8189726B15AAE3040040FC23 /* AboutPageViewController.m */ = {isa = PBXFileReference; fileEncoding = 4; lastKnownFileType = sourcecode.c.objc; path = AboutPageViewController.m; sourceTree = "<group>"; };
		8189726C15AAE3050040FC23 /* AboutPageViewController.xib */ = {isa = PBXFileReference; fileEncoding = 4; lastKnownFileType = file.xib; path = AboutPageViewController.xib; sourceTree = "<group>"; };
		8189726F15AB972D0040FC23 /* DateDisplayHelper.h */ = {isa = PBXFileReference; fileEncoding = 4; lastKnownFileType = sourcecode.c.h; path = DateDisplayHelper.h; sourceTree = "<group>"; };
		8189727015AB972D0040FC23 /* DateDisplayHelper.m */ = {isa = PBXFileReference; fileEncoding = 4; lastKnownFileType = sourcecode.c.objc; path = DateDisplayHelper.m; sourceTree = "<group>"; };
		818BE4221584618A00775392 /* PunchOnLogsViewController.h */ = {isa = PBXFileReference; fileEncoding = 4; lastKnownFileType = sourcecode.c.h; path = PunchOnLogsViewController.h; sourceTree = "<group>"; };
		818BE4231584618B00775392 /* PunchOnLogsViewController.m */ = {isa = PBXFileReference; fileEncoding = 4; lastKnownFileType = sourcecode.c.objc; path = PunchOnLogsViewController.m; sourceTree = "<group>"; };
		818BE4291584689400775392 /* MapKit.framework */ = {isa = PBXFileReference; lastKnownFileType = wrapper.framework; name = MapKit.framework; path = System/Library/Frameworks/MapKit.framework; sourceTree = SDKROOT; };
		818BE42B1584689E00775392 /* CoreLocation.framework */ = {isa = PBXFileReference; lastKnownFileType = wrapper.framework; name = CoreLocation.framework; path = System/Library/Frameworks/CoreLocation.framework; sourceTree = SDKROOT; };
		819A6A1A1595D22E002ABA35 /* EnterLocationViewController.h */ = {isa = PBXFileReference; fileEncoding = 4; lastKnownFileType = sourcecode.c.h; path = EnterLocationViewController.h; sourceTree = "<group>"; };
		819A6A1B1595D22E002ABA35 /* EnterLocationViewController.m */ = {isa = PBXFileReference; fileEncoding = 4; lastKnownFileType = sourcecode.c.objc; path = EnterLocationViewController.m; sourceTree = "<group>"; };
		819A6A1C1595D22E002ABA35 /* EnterLocationViewController.xib */ = {isa = PBXFileReference; fileEncoding = 4; lastKnownFileType = file.xib; path = EnterLocationViewController.xib; sourceTree = "<group>"; };
		819A6A201596C5F4002ABA35 /* StationLocations.h */ = {isa = PBXFileReference; fileEncoding = 4; lastKnownFileType = sourcecode.c.h; path = StationLocations.h; sourceTree = "<group>"; };
		819A6A211596C5F4002ABA35 /* StationLocations.m */ = {isa = PBXFileReference; fileEncoding = 4; lastKnownFileType = sourcecode.c.objc; path = StationLocations.m; sourceTree = "<group>"; };
		81BF9CD216088C8600BF14F8 /* FeatureToggle.h */ = {isa = PBXFileReference; fileEncoding = 4; lastKnownFileType = sourcecode.c.h; path = FeatureToggle.h; sourceTree = "<group>"; };
		81BF9CD316088C8600BF14F8 /* FeatureToggle.m */ = {isa = PBXFileReference; fileEncoding = 4; lastKnownFileType = sourcecode.c.objc; path = FeatureToggle.m; sourceTree = "<group>"; };
/* End PBXFileReference section */

/* Begin PBXFrameworksBuildPhase section */
		815C19C3157F63AD0019419C /* Frameworks */ = {
			isa = PBXFrameworksBuildPhase;
			buildActionMask = 2147483647;
			files = (
				817C21F215B2737000D35D3A /* MessageUI.framework in Frameworks */,
				814B25B4158B61950067D161 /* libxml2.dylib in Frameworks */,
				818BE42C1584689E00775392 /* CoreLocation.framework in Frameworks */,
				818BE42A1584689400775392 /* MapKit.framework in Frameworks */,
				815C1A991580AF2B0019419C /* QuartzCore.framework in Frameworks */,
				815C1A971580AF200019419C /* Security.framework in Frameworks */,
				815C1A951580AF120019419C /* libz.1.1.3.dylib in Frameworks */,
				815C1A931580AEB50019419C /* MobileCoreServices.framework in Frameworks */,
				815C1A911580AEA40019419C /* SystemConfiguration.framework in Frameworks */,
				815C1A8F1580AE870019419C /* CFNetwork.framework in Frameworks */,
				815C1A8D1580AE7C0019419C /* AudioToolbox.framework in Frameworks */,
				815C19CB157F63AD0019419C /* UIKit.framework in Frameworks */,
				815C19CD157F63AD0019419C /* Foundation.framework in Frameworks */,
				815C19CF157F63AD0019419C /* CoreGraphics.framework in Frameworks */,
				815C1A8B1580AD800019419C /* Parse.framework in Frameworks */,
				811705EB159EE78800AF9835 /* libfacebook_ios_sdk.a in Frameworks */,
				8117067515A0257400AF9835 /* libOAuth.a in Frameworks */,
			);
			runOnlyForDeploymentPostprocessing = 0;
		};
		815C19F1157F63AD0019419C /* Frameworks */ = {
			isa = PBXFrameworksBuildPhase;
			buildActionMask = 2147483647;
			files = (
				815C19F7157F63AD0019419C /* SenTestingKit.framework in Frameworks */,
				815C19F8157F63AD0019419C /* UIKit.framework in Frameworks */,
				815C19F9157F63AD0019419C /* Foundation.framework in Frameworks */,
			);
			runOnlyForDeploymentPostprocessing = 0;
		};
/* End PBXFrameworksBuildPhase section */

/* Begin PBXGroup section */
		811705DA159EE78800AF9835 /* facebook-ios-sdk */ = {
			isa = PBXGroup;
			children = (
				811705DB159EE78800AF9835 /* Facebook.h */,
				811705DC159EE78800AF9835 /* FBConnect.h */,
				811705DD159EE78800AF9835 /* FBDialog.bundle */,
				811705DE159EE78800AF9835 /* FBDialog.h */,
				811705DF159EE78800AF9835 /* FBFrictionlessRequestSettings.h */,
				811705E0159EE78800AF9835 /* FBLoginDialog.h */,
				811705E1159EE78800AF9835 /* FBRequest.h */,
				811705E2159EE78800AF9835 /* JSON.h */,
				811705E3159EE78800AF9835 /* libfacebook_ios_sdk.a */,
				811705E4159EE78800AF9835 /* NSObject+SBJSON.h */,
				811705E5159EE78800AF9835 /* NSString+SBJSON.h */,
				811705E6159EE78800AF9835 /* SBJSON.h */,
				811705E7159EE78800AF9835 /* SBJsonBase.h */,
				811705E8159EE78800AF9835 /* SBJsonParser.h */,
				811705E9159EE78800AF9835 /* SBJsonWriter.h */,
			);
			path = "facebook-ios-sdk";
			sourceTree = "<group>";
		};
		8117063715A0257300AF9835 /* Twitter+OAuth */ = {
			isa = PBXGroup;
			children = (
				8117063815A0257400AF9835 /* Libraries & Headers */,
				8117064C15A0257400AF9835 /* MGTwitterEngine */,
				8117066D15A0257400AF9835 /* SAOAuthTwitterEngine */,
			);
			path = "Twitter+OAuth";
			sourceTree = "<group>";
		};
		8117063815A0257400AF9835 /* Libraries & Headers */ = {
			isa = PBXGroup;
			children = (
				8117063915A0257400AF9835 /* jQueryInject.txt */,
				8117063A15A0257400AF9835 /* jQueryInjectLandscape.txt */,
				8117063B15A0257400AF9835 /* libOAuth.a */,
				8117063C15A0257400AF9835 /* OAuthConsumer */,
			);
			path = "Libraries & Headers";
			sourceTree = "<group>";
		};
		8117063C15A0257400AF9835 /* OAuthConsumer */ = {
			isa = PBXGroup;
			children = (
				8117063D15A0257400AF9835 /* NSMutableURLRequest+Parameters.h */,
				8117063E15A0257400AF9835 /* NSString+URLEncoding.h */,
				8117063F15A0257400AF9835 /* NSURL+Base.h */,
				8117064015A0257400AF9835 /* OAAsynchronousDataFetcher.h */,
				8117064115A0257400AF9835 /* OAConsumer.h */,
				8117064215A0257400AF9835 /* OADataFetcher.h */,
				8117064315A0257400AF9835 /* OAHMAC_SHA1SignatureProvider.h */,
				8117064415A0257400AF9835 /* OAMutableURLRequest.h */,
				8117064515A0257400AF9835 /* OAPlaintextSignatureProvider.h */,
				8117064615A0257400AF9835 /* OARequestParameter.h */,
				8117064715A0257400AF9835 /* OAServiceTicket.h */,
				8117064815A0257400AF9835 /* OASignatureProviding.h */,
				8117064915A0257400AF9835 /* OAToken.h */,
				8117064A15A0257400AF9835 /* OAToken_KeychainExtensions.h */,
				8117064B15A0257400AF9835 /* OAuthConsumer.h */,
			);
			path = OAuthConsumer;
			sourceTree = "<group>";
		};
		8117064C15A0257400AF9835 /* MGTwitterEngine */ = {
			isa = PBXGroup;
			children = (
				8117064D15A0257400AF9835 /* MGTwitterEngine.h */,
				8117064E15A0257400AF9835 /* MGTwitterEngine.m */,
				8117064F15A0257400AF9835 /* MGTwitterEngineDelegate.h */,
				8117065015A0257400AF9835 /* MGTwitterEngineGlobalHeader.h */,
				8117065115A0257400AF9835 /* MGTwitterHTTPURLConnection.h */,
				8117065215A0257400AF9835 /* MGTwitterHTTPURLConnection.m */,
				8117065315A0257400AF9835 /* MGTwitterLibXMLParser.h */,
				8117065415A0257400AF9835 /* MGTwitterLibXMLParser.m */,
				8117065515A0257400AF9835 /* MGTwitterMessagesLibXMLParser.h */,
				8117065615A0257400AF9835 /* MGTwitterMessagesLibXMLParser.m */,
				8117065715A0257400AF9835 /* MGTwitterMessagesParser.h */,
				8117065815A0257400AF9835 /* MGTwitterMessagesParser.m */,
				8117065915A0257400AF9835 /* MGTwitterMiscLibXMLParser.h */,
				8117065A15A0257400AF9835 /* MGTwitterMiscLibXMLParser.m */,
				8117065B15A0257400AF9835 /* MGTwitterMiscParser.h */,
				8117065C15A0257400AF9835 /* MGTwitterMiscParser.m */,
				8117065D15A0257400AF9835 /* MGTwitterParserDelegate.h */,
				8117065E15A0257400AF9835 /* MGTwitterRequestTypes.h */,
				8117065F15A0257400AF9835 /* MGTwitterStatusesLibXMLParser.h */,
				8117066015A0257400AF9835 /* MGTwitterStatusesLibXMLParser.m */,
				8117066115A0257400AF9835 /* MGTwitterStatusesParser.h */,
				8117066215A0257400AF9835 /* MGTwitterStatusesParser.m */,
				8117066315A0257400AF9835 /* MGTwitterUsersLibXMLParser.h */,
				8117066415A0257400AF9835 /* MGTwitterUsersLibXMLParser.m */,
				8117066515A0257400AF9835 /* MGTwitterUsersParser.h */,
				8117066615A0257400AF9835 /* MGTwitterUsersParser.m */,
				8117066715A0257400AF9835 /* MGTwitterXMLParser.h */,
				8117066815A0257400AF9835 /* MGTwitterXMLParser.m */,
				8117066915A0257400AF9835 /* NSData+Base64.h */,
				8117066A15A0257400AF9835 /* NSData+Base64.m */,
				8117066B15A0257400AF9835 /* NSString+UUID.h */,
				8117066C15A0257400AF9835 /* NSString+UUID.m */,
			);
			path = MGTwitterEngine;
			sourceTree = "<group>";
		};
		8117066D15A0257400AF9835 /* SAOAuthTwitterEngine */ = {
			isa = PBXGroup;
			children = (
				8117066E15A0257400AF9835 /* SA_OAuthTwitterController.h */,
				8117066F15A0257400AF9835 /* SA_OAuthTwitterController.m */,
				8117067015A0257400AF9835 /* SA_OAuthTwitterEngine.h */,
				8117067115A0257400AF9835 /* SA_OAuthTwitterEngine.m */,
				8117067215A0257400AF9835 /* twitter_load.png */,
			);
			path = SAOAuthTwitterEngine;
			sourceTree = "<group>";
		};
		8129EADA159202ED004D0C6F /* customViews */ = {
			isa = PBXGroup;
			children = (
				8129EAD11591DD86004D0C6F /* TableViewCellForPunchOnLogs.h */,
				8129EAD21591DD86004D0C6F /* TableViewCellForPunchOnLogs.m */,
				8129EADE159204F9004D0C6F /* TableViewHeaderHelper.h */,
				8129EADF159204F9004D0C6F /* TableViewHeaderHelper.m */,
				817C21E115AD9BBF00D35D3A /* YourMykiCustomButton.h */,
				817C21E215AD9BBF00D35D3A /* YourMykiCustomButton.m */,
			);
			name = customViews;
			sourceTree = "<group>";
		};
		8129EAE81594B809004D0C6F /* third party */ = {
			isa = PBXGroup;
			children = (
				8189726815A951E60040FC23 /* HelveticaNeue.dfont */,
				8129EAE91594B844004D0C6F /* MBProgressHUD.h */,
				8129EAEA1594B844004D0C6F /* MBProgressHUD.m */,
			);
			name = "third party";
			sourceTree = "<group>";
		};
		815C19BB157F63AC0019419C = {
			isa = PBXGroup;
			children = (
				817C21F115B2736F00D35D3A /* MessageUI.framework */,
				8189725415A9093E0040FC23 /* Default@2x.png */,
				8189725215A909390040FC23 /* Default.png */,
				8189725015A9092D0040FC23 /* Icon57px.png */,
				8189724E15A909250040FC23 /* Icon114px.png */,
				8117063715A0257300AF9835 /* Twitter+OAuth */,
				814B25B3158B61950067D161 /* libxml2.dylib */,
				814B25B1158B60C30067D161 /* libxml2.2.7.3.dylib */,
				811705DA159EE78800AF9835 /* facebook-ios-sdk */,
				815C19D0157F63AD0019419C /* shmyki */,
				815C19FC157F63AD0019419C /* shmykiTests */,
				815C19C9157F63AD0019419C /* Frameworks */,
				815C19C7157F63AD0019419C /* Products */,
			);
			sourceTree = "<group>";
		};
		815C19C7157F63AD0019419C /* Products */ = {
			isa = PBXGroup;
			children = (
				815C19C6157F63AD0019419C /* yourMyki.app */,
				815C19F5157F63AD0019419C /* shmykiTests.octest */,
			);
			name = Products;
			sourceTree = "<group>";
		};
		815C19C9157F63AD0019419C /* Frameworks */ = {
			isa = PBXGroup;
			children = (
				818BE42B1584689E00775392 /* CoreLocation.framework */,
				818BE4291584689400775392 /* MapKit.framework */,
				815C1A981580AF2B0019419C /* QuartzCore.framework */,
				815C1A961580AF200019419C /* Security.framework */,
				815C1A941580AF110019419C /* libz.1.1.3.dylib */,
				815C1A921580AEB50019419C /* MobileCoreServices.framework */,
				815C1A901580AEA40019419C /* SystemConfiguration.framework */,
				815C1A8E1580AE870019419C /* CFNetwork.framework */,
				815C1A8C1580AE7B0019419C /* AudioToolbox.framework */,
				815C1A8A1580AD800019419C /* Parse.framework */,
				815C19CA157F63AD0019419C /* UIKit.framework */,
				815C19CC157F63AD0019419C /* Foundation.framework */,
				815C19CE157F63AD0019419C /* CoreGraphics.framework */,
				815C19F6157F63AD0019419C /* SenTestingKit.framework */,
			);
			name = Frameworks;
			sourceTree = "<group>";
		};
		815C19D0157F63AD0019419C /* shmyki */ = {
			isa = PBXGroup;
			children = (
				8129EAE81594B809004D0C6F /* third party */,
				8129EADA159202ED004D0C6F /* customViews */,
				815C1A18157F64DF0019419C /* Model */,
				815C1A17157F64930019419C /* Images */,
				815C19D9157F63AD0019419C /* AppDelegate.h */,
				815C19DA157F63AD0019419C /* AppDelegate.m */,
				815C1A16157F64750019419C /* ViewControllers */,
				815C19D1157F63AD0019419C /* Supporting Files */,
			);
			path = shmyki;
			sourceTree = "<group>";
		};
		815C19D1157F63AD0019419C /* Supporting Files */ = {
			isa = PBXGroup;
			children = (
				815C19D2157F63AD0019419C /* shmyki-Info.plist */,
				815C19D3157F63AD0019419C /* InfoPlist.strings */,
				815C19D6157F63AD0019419C /* main.m */,
				815C19D8157F63AD0019419C /* shmyki-Prefix.pch */,
			);
			name = "Supporting Files";
			sourceTree = "<group>";
		};
		815C19FC157F63AD0019419C /* shmykiTests */ = {
			isa = PBXGroup;
			children = (
				815C1A02157F63AD0019419C /* shmykiTests.h */,
				815C1A03157F63AD0019419C /* shmykiTests.m */,
				815C19FD157F63AD0019419C /* Supporting Files */,
			);
			path = shmykiTests;
			sourceTree = "<group>";
		};
		815C19FD157F63AD0019419C /* Supporting Files */ = {
			isa = PBXGroup;
			children = (
				815C19FE157F63AD0019419C /* shmykiTests-Info.plist */,
				815C19FF157F63AD0019419C /* InfoPlist.strings */,
			);
			name = "Supporting Files";
			sourceTree = "<group>";
		};
		815C1A16157F64750019419C /* ViewControllers */ = {
			isa = PBXGroup;
			children = (
				815C1A0D157F64470019419C /* PunchOnViewController.h */,
				815C1A0E157F64470019419C /* PunchOnViewController.m */,
				815C1A0F157F64470019419C /* PunchOnViewController.xib */,
				815C1A21157F68D20019419C /* InspectorMapViewController.h */,
				815C1A22157F68D20019419C /* InspectorMapViewController.m */,
				815C1A23157F68D20019419C /* InspectorMapViewController.xib */,
				815C1A26157F79490019419C /* InformationViewController.h */,
				815C1A27157F79490019419C /* InformationViewController.m */,
				815C1A28157F79490019419C /* InformationViewController.xib */,
				818BE4221584618A00775392 /* PunchOnLogsViewController.h */,
				818BE4231584618B00775392 /* PunchOnLogsViewController.m */,
				815C1A2B157F836C0019419C /* EnterIssueViewController.h */,
				815C1A2C157F836C0019419C /* EnterIssueViewController.m */,
				815C1A2D157F836C0019419C /* EnterIssueViewController.xib */,
				814B25A8158B461C0067D161 /* MykiBalanceViewController.h */,
				814B25A9158B461C0067D161 /* MykiBalanceViewController.m */,
				814B25AA158B461C0067D161 /* MykiBalanceViewController.xib */,
				819A6A1A1595D22E002ABA35 /* EnterLocationViewController.h */,
				819A6A1B1595D22E002ABA35 /* EnterLocationViewController.m */,
				819A6A1C1595D22E002ABA35 /* EnterLocationViewController.xib */,
				8189726A15AAE3030040FC23 /* AboutPageViewController.h */,
				8189726B15AAE3040040FC23 /* AboutPageViewController.m */,
				8189726C15AAE3050040FC23 /* AboutPageViewController.xib */,
				817C21DB15AD96C400D35D3A /* ComingFeaturesViewController.h */,
				817C21DC15AD96C400D35D3A /* ComingFeaturesViewController.m */,
				817C21DD15AD96C400D35D3A /* ComingFeaturesViewController.xib */,
			);
			name = ViewControllers;
			sourceTree = "<group>";
		};
		815C1A17157F64930019419C /* Images */ = {
			isa = PBXGroup;
			children = (
				818020AA1585EC7300501773 /* images */,
			);
			name = Images;
			sourceTree = "<group>";
		};
		815C1A18157F64DF0019419C /* Model */ = {
			isa = PBXGroup;
			children = (
				818811461585A9DA00CDDF3E /* InspectorMapKitAnnotation.h */,
				818811471585A9DA00CDDF3E /* InspectorMapKitAnnotation.m */,
				817BFA501587277100F3BEE1 /* ShmykiContstants.h */,
				817BFA511587277100F3BEE1 /* ShmykiContstants.m */,
				814B25961589E88A0067D161 /* PunchOnIssues.h */,
				814B25971589E88A0067D161 /* PunchOnIssues.m */,
				814B25B5158B7A2A0067D161 /* MykiAccountInformation.h */,
				814B25B6158B7A2A0067D161 /* MykiAccountInformation.m */,
				8129EACB1591C94D004D0C6F /* PunchOnLog.h */,
				8129EACC1591C94D004D0C6F /* PunchOnLog.m */,
				819A6A201596C5F4002ABA35 /* StationLocations.h */,
				819A6A211596C5F4002ABA35 /* StationLocations.m */,
				8189722C15A469200040FC23 /* PunchOnLogsCache.h */,
				8189722D15A469200040FC23 /* PunchOnLogsCache.m */,
				8189725E15A919280040FC23 /* HelpImages.h */,
				8189725F15A919280040FC23 /* HelpImages.m */,
				8189726F15AB972D0040FC23 /* DateDisplayHelper.h */,
				8189727015AB972D0040FC23 /* DateDisplayHelper.m */,
				81BF9CD216088C8600BF14F8 /* FeatureToggle.h */,
				81BF9CD316088C8600BF14F8 /* FeatureToggle.m */,
			);
			name = Model;
			sourceTree = "<group>";
		};
/* End PBXGroup section */

/* Begin PBXNativeTarget section */
		815C19C5157F63AD0019419C /* shmyki */ = {
			isa = PBXNativeTarget;
			buildConfigurationList = 815C1A07157F63AD0019419C /* Build configuration list for PBXNativeTarget "shmyki" */;
			buildPhases = (
				815C19C2157F63AD0019419C /* Sources */,
				815C19C3157F63AD0019419C /* Frameworks */,
				815C19C4157F63AD0019419C /* Resources */,
			);
			buildRules = (
			);
			dependencies = (
			);
			name = shmyki;
			productName = shmyki;
			productReference = 815C19C6157F63AD0019419C /* yourMyki.app */;
			productType = "com.apple.product-type.application";
		};
		815C19F4157F63AD0019419C /* shmykiTests */ = {
			isa = PBXNativeTarget;
			buildConfigurationList = 815C1A0A157F63AD0019419C /* Build configuration list for PBXNativeTarget "shmykiTests" */;
			buildPhases = (
				815C19F0157F63AD0019419C /* Sources */,
				815C19F1157F63AD0019419C /* Frameworks */,
				815C19F2157F63AD0019419C /* Resources */,
				815C19F3157F63AD0019419C /* ShellScript */,
			);
			buildRules = (
			);
			dependencies = (
				815C19FB157F63AD0019419C /* PBXTargetDependency */,
			);
			name = shmykiTests;
			productName = shmykiTests;
			productReference = 815C19F5157F63AD0019419C /* shmykiTests.octest */;
			productType = "com.apple.product-type.bundle";
		};
/* End PBXNativeTarget section */

/* Begin PBXProject section */
		815C19BD157F63AC0019419C /* Project object */ = {
			isa = PBXProject;
			attributes = {
				LastUpgradeCheck = 0430;
				ORGANIZATIONNAME = "DWS Limited";
			};
			buildConfigurationList = 815C19C0157F63AC0019419C /* Build configuration list for PBXProject "shmyki" */;
			compatibilityVersion = "Xcode 3.2";
			developmentRegion = English;
			hasScannedForEncodings = 0;
			knownRegions = (
				en,
			);
			mainGroup = 815C19BB157F63AC0019419C;
			productRefGroup = 815C19C7157F63AD0019419C /* Products */;
			projectDirPath = "";
			projectRoot = "";
			targets = (
				815C19C5157F63AD0019419C /* shmyki */,
				815C19F4157F63AD0019419C /* shmykiTests */,
			);
		};
/* End PBXProject section */

/* Begin PBXResourcesBuildPhase section */
		815C19C4157F63AD0019419C /* Resources */ = {
			isa = PBXResourcesBuildPhase;
			buildActionMask = 2147483647;
			files = (
				815C19D5157F63AD0019419C /* InfoPlist.strings in Resources */,
				815C1A11157F64470019419C /* PunchOnViewController.xib in Resources */,
				815C1A25157F68D20019419C /* InspectorMapViewController.xib in Resources */,
				815C1A2A157F79490019419C /* InformationViewController.xib in Resources */,
				815C1A2F157F836D0019419C /* EnterIssueViewController.xib in Resources */,
				818020AB1585EC7300501773 /* images in Resources */,
				814B25AC158B461D0067D161 /* MykiBalanceViewController.xib in Resources */,
				819A6A1E1595D22E002ABA35 /* EnterLocationViewController.xib in Resources */,
				811705EA159EE78800AF9835 /* FBDialog.bundle in Resources */,
				8117067315A0257400AF9835 /* jQueryInject.txt in Resources */,
				8117067415A0257400AF9835 /* jQueryInjectLandscape.txt in Resources */,
				8117068615A0257400AF9835 /* twitter_load.png in Resources */,
				8189724F15A909250040FC23 /* Icon114px.png in Resources */,
				8189725115A9092E0040FC23 /* Icon57px.png in Resources */,
				8189725315A9093A0040FC23 /* Default.png in Resources */,
				8189725515A9093E0040FC23 /* Default@2x.png in Resources */,
				8189726915A951E60040FC23 /* HelveticaNeue.dfont in Resources */,
				8189726E15AAE3060040FC23 /* AboutPageViewController.xib in Resources */,
				817C21DF15AD96C400D35D3A /* ComingFeaturesViewController.xib in Resources */,
			);
			runOnlyForDeploymentPostprocessing = 0;
		};
		815C19F2157F63AD0019419C /* Resources */ = {
			isa = PBXResourcesBuildPhase;
			buildActionMask = 2147483647;
			files = (
				815C1A01157F63AD0019419C /* InfoPlist.strings in Resources */,
			);
			runOnlyForDeploymentPostprocessing = 0;
		};
/* End PBXResourcesBuildPhase section */

/* Begin PBXShellScriptBuildPhase section */
		815C19F3157F63AD0019419C /* ShellScript */ = {
			isa = PBXShellScriptBuildPhase;
			buildActionMask = 2147483647;
			files = (
			);
			inputPaths = (
			);
			outputPaths = (
			);
			runOnlyForDeploymentPostprocessing = 0;
			shellPath = /bin/sh;
			shellScript = "# Run the unit tests in this test bundle.\n\"${SYSTEM_DEVELOPER_DIR}/Tools/RunUnitTests\"\n";
		};
/* End PBXShellScriptBuildPhase section */

/* Begin PBXSourcesBuildPhase section */
		815C19C2157F63AD0019419C /* Sources */ = {
			isa = PBXSourcesBuildPhase;
			buildActionMask = 2147483647;
			files = (
				815C19D7157F63AD0019419C /* main.m in Sources */,
				815C19DB157F63AD0019419C /* AppDelegate.m in Sources */,
				815C1A10157F64470019419C /* PunchOnViewController.m in Sources */,
				815C1A24157F68D20019419C /* InspectorMapViewController.m in Sources */,
				815C1A29157F79490019419C /* InformationViewController.m in Sources */,
				815C1A2E157F836D0019419C /* EnterIssueViewController.m in Sources */,
				818BE4241584618B00775392 /* PunchOnLogsViewController.m in Sources */,
				818811481585A9DA00CDDF3E /* InspectorMapKitAnnotation.m in Sources */,
				817BFA521587277100F3BEE1 /* ShmykiContstants.m in Sources */,
				814B25981589E88A0067D161 /* PunchOnIssues.m in Sources */,
				814B25AB158B461D0067D161 /* MykiBalanceViewController.m in Sources */,
				814B25B7158B7A2A0067D161 /* MykiAccountInformation.m in Sources */,
				8129EACD1591C94D004D0C6F /* PunchOnLog.m in Sources */,
				8129EAD31591DD86004D0C6F /* TableViewCellForPunchOnLogs.m in Sources */,
				8129EAE0159204F9004D0C6F /* TableViewHeaderHelper.m in Sources */,
				8129EAEB1594B844004D0C6F /* MBProgressHUD.m in Sources */,
				819A6A1D1595D22E002ABA35 /* EnterLocationViewController.m in Sources */,
				819A6A221596C5F4002ABA35 /* StationLocations.m in Sources */,
				8117067615A0257400AF9835 /* MGTwitterEngine.m in Sources */,
				8117067715A0257400AF9835 /* MGTwitterHTTPURLConnection.m in Sources */,
				8117067815A0257400AF9835 /* MGTwitterLibXMLParser.m in Sources */,
				8117067915A0257400AF9835 /* MGTwitterMessagesLibXMLParser.m in Sources */,
				8117067A15A0257400AF9835 /* MGTwitterMessagesParser.m in Sources */,
				8117067B15A0257400AF9835 /* MGTwitterMiscLibXMLParser.m in Sources */,
				8117067C15A0257400AF9835 /* MGTwitterMiscParser.m in Sources */,
				8117067D15A0257400AF9835 /* MGTwitterStatusesLibXMLParser.m in Sources */,
				8117067E15A0257400AF9835 /* MGTwitterStatusesParser.m in Sources */,
				8117067F15A0257400AF9835 /* MGTwitterUsersLibXMLParser.m in Sources */,
				8117068015A0257400AF9835 /* MGTwitterUsersParser.m in Sources */,
				8117068115A0257400AF9835 /* MGTwitterXMLParser.m in Sources */,
				8117068215A0257400AF9835 /* NSData+Base64.m in Sources */,
				8117068315A0257400AF9835 /* NSString+UUID.m in Sources */,
				8117068415A0257400AF9835 /* SA_OAuthTwitterController.m in Sources */,
				8117068515A0257400AF9835 /* SA_OAuthTwitterEngine.m in Sources */,
				8189722E15A469200040FC23 /* PunchOnLogsCache.m in Sources */,
				8189726015A919280040FC23 /* HelpImages.m in Sources */,
				8189726D15AAE3060040FC23 /* AboutPageViewController.m in Sources */,
				8189727115AB972E0040FC23 /* DateDisplayHelper.m in Sources */,
				817C21DE15AD96C400D35D3A /* ComingFeaturesViewController.m in Sources */,
				817C21E315AD9BBF00D35D3A /* YourMykiCustomButton.m in Sources */,
				81BF9CD416088C8600BF14F8 /* FeatureToggle.m in Sources */,
			);
			runOnlyForDeploymentPostprocessing = 0;
		};
		815C19F0157F63AD0019419C /* Sources */ = {
			isa = PBXSourcesBuildPhase;
			buildActionMask = 2147483647;
			files = (
				815C1A04157F63AD0019419C /* shmykiTests.m in Sources */,
			);
			runOnlyForDeploymentPostprocessing = 0;
		};
/* End PBXSourcesBuildPhase section */

/* Begin PBXTargetDependency section */
		815C19FB157F63AD0019419C /* PBXTargetDependency */ = {
			isa = PBXTargetDependency;
			target = 815C19C5157F63AD0019419C /* shmyki */;
			targetProxy = 815C19FA157F63AD0019419C /* PBXContainerItemProxy */;
		};
/* End PBXTargetDependency section */

/* Begin PBXVariantGroup section */
		815C19D3157F63AD0019419C /* InfoPlist.strings */ = {
			isa = PBXVariantGroup;
			children = (
				815C19D4157F63AD0019419C /* en */,
			);
			name = InfoPlist.strings;
			sourceTree = "<group>";
		};
		815C19FF157F63AD0019419C /* InfoPlist.strings */ = {
			isa = PBXVariantGroup;
			children = (
				815C1A00157F63AD0019419C /* en */,
			);
			name = InfoPlist.strings;
			sourceTree = "<group>";
		};
/* End PBXVariantGroup section */

/* Begin XCBuildConfiguration section */
		815C1A05157F63AD0019419C /* Debug */ = {
			isa = XCBuildConfiguration;
			buildSettings = {
				ALWAYS_SEARCH_USER_PATHS = NO;
				ARCHS = "$(ARCHS_STANDARD_32_BIT)";
				CLANG_ENABLE_OBJC_ARC = YES;
				CODE_SIGN_IDENTITY = "iPhone Developer";
				"CODE_SIGN_IDENTITY[sdk=iphoneos*]" = "iPhone Developer";
				COPY_PHASE_STRIP = NO;
				GCC_C_LANGUAGE_STANDARD = gnu99;
				GCC_DYNAMIC_NO_PIC = NO;
				GCC_OPTIMIZATION_LEVEL = 0;
				GCC_PREPROCESSOR_DEFINITIONS = (
					"DEBUG=1",
					"$(inherited)",
				);
				GCC_SYMBOLS_PRIVATE_EXTERN = NO;
				GCC_VERSION = com.apple.compilers.llvm.clang.1_0;
				GCC_WARN_ABOUT_MISSING_PROTOTYPES = YES;
				GCC_WARN_ABOUT_RETURN_TYPE = YES;
				GCC_WARN_UNUSED_VARIABLE = YES;
				"HEADER_SEARCH_PATHS[arch=*]" = "$(SDKROOT)/usr/include/libxml2";
				IPHONEOS_DEPLOYMENT_TARGET = 4.3;
				PROVISIONING_PROFILE = "";
				"PROVISIONING_PROFILE[sdk=iphoneos*]" = "";
				SDKROOT = iphoneos;
			};
			name = Debug;
		};
		815C1A06157F63AD0019419C /* Release */ = {
			isa = XCBuildConfiguration;
			buildSettings = {
				ALWAYS_SEARCH_USER_PATHS = NO;
				ARCHS = "$(ARCHS_STANDARD_32_BIT)";
				CLANG_ENABLE_OBJC_ARC = YES;
				CODE_SIGN_IDENTITY = "iPhone Developer";
				"CODE_SIGN_IDENTITY[sdk=iphoneos*]" = "iPhone Developer";
				COPY_PHASE_STRIP = YES;
				GCC_C_LANGUAGE_STANDARD = gnu99;
				GCC_VERSION = com.apple.compilers.llvm.clang.1_0;
				GCC_WARN_ABOUT_MISSING_PROTOTYPES = YES;
				GCC_WARN_ABOUT_RETURN_TYPE = YES;
				GCC_WARN_UNUSED_VARIABLE = YES;
				"HEADER_SEARCH_PATHS[arch=*]" = "$(SDKROOT)/usr/include/libxml2";
				IPHONEOS_DEPLOYMENT_TARGET = 4.3;
				OTHER_CFLAGS = "-DNS_BLOCK_ASSERTIONS=1";
				PROVISIONING_PROFILE = "";
				"PROVISIONING_PROFILE[sdk=iphoneos*]" = "";
				SDKROOT = iphoneos;
				VALIDATE_PRODUCT = YES;
			};
			name = Release;
		};
		815C1A08157F63AD0019419C /* Debug */ = {
			isa = XCBuildConfiguration;
			buildSettings = {
				CODE_SIGN_IDENTITY = "iPhone Developer: Robert Wagstaff (8ELYU7XP26)";
				FRAMEWORK_SEARCH_PATHS = (
					"$(inherited)",
					"\"$(SRCROOT)\"",
				);
				GCC_PRECOMPILE_PREFIX_HEADER = YES;
				GCC_PREFIX_HEADER = "shmyki/shmyki-Prefix.pch";
				INFOPLIST_FILE = "shmyki/shmyki-Info.plist";
				IPHONEOS_DEPLOYMENT_TARGET = 4.3;
				LIBRARY_SEARCH_PATHS = (
					"$(inherited)",
					"\"$(SRCROOT)/facebook-ios-sdk/lib/facebook-ios-sdk\"",
					"\"$(SRCROOT)/facebook-ios-sdk\"",
					"\"$(SRCROOT)/Twitter+OAuth/Libraries & Headers\"",
				);
				OTHER_LDFLAGS = "-fobjc-arc";
				PRODUCT_NAME = yourMyki;
				PROVISIONING_PROFILE = "CFAA0B2F-58DD-4B90-960C-EBBB8584B55A";
				WRAPPER_EXTENSION = app;
			};
			name = Debug;
		};
		815C1A09157F63AD0019419C /* Release */ = {
			isa = XCBuildConfiguration;
			buildSettings = {
				CODE_SIGN_IDENTITY = "iPhone Developer: Robert Wagstaff (8ELYU7XP26)";
				FRAMEWORK_SEARCH_PATHS = (
					"$(inherited)",
					"\"$(SRCROOT)\"",
				);
				GCC_PRECOMPILE_PREFIX_HEADER = YES;
				GCC_PREFIX_HEADER = "shmyki/shmyki-Prefix.pch";
				INFOPLIST_FILE = "shmyki/shmyki-Info.plist";
				IPHONEOS_DEPLOYMENT_TARGET = 4.3;
				LIBRARY_SEARCH_PATHS = (
					"$(inherited)",
					"\"$(SRCROOT)/facebook-ios-sdk/lib/facebook-ios-sdk\"",
					"\"$(SRCROOT)/facebook-ios-sdk\"",
					"\"$(SRCROOT)/Twitter+OAuth/Libraries & Headers\"",
				);
				OTHER_LDFLAGS = "-fobjc-arc";
				PRODUCT_NAME = yourMyki;
				PROVISIONING_PROFILE = "CFAA0B2F-58DD-4B90-960C-EBBB8584B55A";
				WRAPPER_EXTENSION = app;
			};
			name = Release;
		};
		815C1A0B157F63AD0019419C /* Debug */ = {
			isa = XCBuildConfiguration;
			buildSettings = {
				BUNDLE_LOADER = "$(BUILT_PRODUCTS_DIR)/shmyki.app/shmyki";
				FRAMEWORK_SEARCH_PATHS = (
					"$(SDKROOT)/Developer/Library/Frameworks",
					"$(DEVELOPER_LIBRARY_DIR)/Frameworks",
				);
				GCC_PRECOMPILE_PREFIX_HEADER = YES;
				GCC_PREFIX_HEADER = "shmyki/shmyki-Prefix.pch";
				INFOPLIST_FILE = "shmykiTests/shmykiTests-Info.plist";
				PRODUCT_NAME = "$(TARGET_NAME)";
				TEST_HOST = "$(BUNDLE_LOADER)";
				WRAPPER_EXTENSION = octest;
			};
			name = Debug;
		};
		815C1A0C157F63AD0019419C /* Release */ = {
			isa = XCBuildConfiguration;
			buildSettings = {
				BUNDLE_LOADER = "$(BUILT_PRODUCTS_DIR)/shmyki.app/shmyki";
				FRAMEWORK_SEARCH_PATHS = (
					"$(SDKROOT)/Developer/Library/Frameworks",
					"$(DEVELOPER_LIBRARY_DIR)/Frameworks",
				);
				GCC_PRECOMPILE_PREFIX_HEADER = YES;
				GCC_PREFIX_HEADER = "shmyki/shmyki-Prefix.pch";
				INFOPLIST_FILE = "shmykiTests/shmykiTests-Info.plist";
				PRODUCT_NAME = "$(TARGET_NAME)";
				TEST_HOST = "$(BUNDLE_LOADER)";
				WRAPPER_EXTENSION = octest;
			};
			name = Release;
		};
/* End XCBuildConfiguration section */

/* Begin XCConfigurationList section */
		815C19C0157F63AC0019419C /* Build configuration list for PBXProject "shmyki" */ = {
			isa = XCConfigurationList;
			buildConfigurations = (
				815C1A05157F63AD0019419C /* Debug */,
				815C1A06157F63AD0019419C /* Release */,
			);
			defaultConfigurationIsVisible = 0;
			defaultConfigurationName = Release;
		};
		815C1A07157F63AD0019419C /* Build configuration list for PBXNativeTarget "shmyki" */ = {
			isa = XCConfigurationList;
			buildConfigurations = (
				815C1A08157F63AD0019419C /* Debug */,
				815C1A09157F63AD0019419C /* Release */,
			);
			defaultConfigurationIsVisible = 0;
			defaultConfigurationName = Release;
		};
		815C1A0A157F63AD0019419C /* Build configuration list for PBXNativeTarget "shmykiTests" */ = {
			isa = XCConfigurationList;
			buildConfigurations = (
				815C1A0B157F63AD0019419C /* Debug */,
				815C1A0C157F63AD0019419C /* Release */,
			);
			defaultConfigurationIsVisible = 0;
			defaultConfigurationName = Release;
		};
/* End XCConfigurationList section */
	};
	rootObject = 815C19BD157F63AC0019419C /* Project object */;
}
