// !$*UTF8*$!
{
	archiveVersion = 1;
	classes = {
	};
	objectVersion = 46;
	objects = {

/* Begin PBXBuildFile section */
		814B25981589E88A0067D161 /* PunchOnIssues.m in Sources */ = {isa = PBXBuildFile; fileRef = 814B25971589E88A0067D161 /* PunchOnIssues.m */; };
		814B25AB158B461D0067D161 /* MykiBalanceViewController.m in Sources */ = {isa = PBXBuildFile; fileRef = 814B25A9158B461C0067D161 /* MykiBalanceViewController.m */; };
		814B25AC158B461D0067D161 /* MykiBalanceViewController.xib in Resources */ = {isa = PBXBuildFile; fileRef = 814B25AA158B461C0067D161 /* MykiBalanceViewController.xib */; };
		815C19CB157F63AD0019419C /* UIKit.framework in Frameworks */ = {isa = PBXBuildFile; fileRef = 815C19CA157F63AD0019419C /* UIKit.framework */; };
		815C19CD157F63AD0019419C /* Foundation.framework in Frameworks */ = {isa = PBXBuildFile; fileRef = 815C19CC157F63AD0019419C /* Foundation.framework */; };
		815C19CF157F63AD0019419C /* CoreGraphics.framework in Frameworks */ = {isa = PBXBuildFile; fileRef = 815C19CE157F63AD0019419C /* CoreGraphics.framework */; };
		815C19D5157F63AD0019419C /* InfoPlist.strings in Resources */ = {isa = PBXBuildFile; fileRef = 815C19D3157F63AD0019419C /* InfoPlist.strings */; };
		815C19D7157F63AD0019419C /* main.m in Sources */ = {isa = PBXBuildFile; fileRef = 815C19D6157F63AD0019419C /* main.m */; };
		815C19DB157F63AD0019419C /* AppDelegate.m in Sources */ = {isa = PBXBuildFile; fileRef = 815C19DA157F63AD0019419C /* AppDelegate.m */; };
		815C19F7157F63AD0019419C /* SenTestingKit.framework in Frameworks */ = {isa = PBXBuildFile; fileRef = 815C19F6157F63AD0019419C /* SenTestingKit.framework */; };
		815C19F8157F63AD0019419C /* UIKit.framework in Frameworks */ = {isa = PBXBuildFile; fileRef = 815C19CA157F63AD0019419C /* UIKit.framework */; };
		815C19F9157F63AD0019419C /* Foundation.framework in Frameworks */ = {isa = PBXBuildFile; fileRef = 815C19CC157F63AD0019419C /* Foundation.framework */; };
		815C1A01157F63AD0019419C /* InfoPlist.strings in Resources */ = {isa = PBXBuildFile; fileRef = 815C19FF157F63AD0019419C /* InfoPlist.strings */; };
		815C1A04157F63AD0019419C /* shmykiTests.m in Sources */ = {isa = PBXBuildFile; fileRef = 815C1A03157F63AD0019419C /* shmykiTests.m */; };
		815C1A10157F64470019419C /* PunchOnViewController.m in Sources */ = {isa = PBXBuildFile; fileRef = 815C1A0E157F64470019419C /* PunchOnViewController.m */; };
		815C1A11157F64470019419C /* PunchOnViewController.xib in Resources */ = {isa = PBXBuildFile; fileRef = 815C1A0F157F64470019419C /* PunchOnViewController.xib */; };
		815C1A24157F68D20019419C /* InspectorMapViewController.m in Sources */ = {isa = PBXBuildFile; fileRef = 815C1A22157F68D20019419C /* InspectorMapViewController.m */; };
		815C1A25157F68D20019419C /* InspectorMapViewController.xib in Resources */ = {isa = PBXBuildFile; fileRef = 815C1A23157F68D20019419C /* InspectorMapViewController.xib */; };
		815C1A29157F79490019419C /* InformationViewController.m in Sources */ = {isa = PBXBuildFile; fileRef = 815C1A27157F79490019419C /* InformationViewController.m */; };
		815C1A2A157F79490019419C /* InformationViewController.xib in Resources */ = {isa = PBXBuildFile; fileRef = 815C1A28157F79490019419C /* InformationViewController.xib */; };
		815C1A2E157F836D0019419C /* EnterIssueViewController.m in Sources */ = {isa = PBXBuildFile; fileRef = 815C1A2C157F836C0019419C /* EnterIssueViewController.m */; };
		815C1A2F157F836D0019419C /* EnterIssueViewController.xib in Resources */ = {isa = PBXBuildFile; fileRef = 815C1A2D157F836C0019419C /* EnterIssueViewController.xib */; };
		815C1A8B1580AD800019419C /* Parse.framework in Frameworks */ = {isa = PBXBuildFile; fileRef = 815C1A8A1580AD800019419C /* Parse.framework */; };
		815C1A8D1580AE7C0019419C /* AudioToolbox.framework in Frameworks */ = {isa = PBXBuildFile; fileRef = 815C1A8C1580AE7B0019419C /* AudioToolbox.framework */; };
		815C1A8F1580AE870019419C /* CFNetwork.framework in Frameworks */ = {isa = PBXBuildFile; fileRef = 815C1A8E1580AE870019419C /* CFNetwork.framework */; };
		815C1A911580AEA40019419C /* SystemConfiguration.framework in Frameworks */ = {isa = PBXBuildFile; fileRef = 815C1A901580AEA40019419C /* SystemConfiguration.framework */; };
		815C1A931580AEB50019419C /* MobileCoreServices.framework in Frameworks */ = {isa = PBXBuildFile; fileRef = 815C1A921580AEB50019419C /* MobileCoreServices.framework */; };
		815C1A951580AF120019419C /* libz.1.1.3.dylib in Frameworks */ = {isa = PBXBuildFile; fileRef = 815C1A941580AF110019419C /* libz.1.1.3.dylib */; };
		815C1A971580AF200019419C /* Security.framework in Frameworks */ = {isa = PBXBuildFile; fileRef = 815C1A961580AF200019419C /* Security.framework */; };
		815C1A991580AF2B0019419C /* QuartzCore.framework in Frameworks */ = {isa = PBXBuildFile; fileRef = 815C1A981580AF2B0019419C /* QuartzCore.framework */; };
		817BFA521587277100F3BEE1 /* ShmykiContstants.m in Sources */ = {isa = PBXBuildFile; fileRef = 817BFA511587277100F3BEE1 /* ShmykiContstants.m */; };
		818020AB1585EC7300501773 /* images in Resources */ = {isa = PBXBuildFile; fileRef = 818020AA1585EC7300501773 /* images */; };
		818811481585A9DA00CDDF3E /* InspectorMapKitAnnotation.m in Sources */ = {isa = PBXBuildFile; fileRef = 818811471585A9DA00CDDF3E /* InspectorMapKitAnnotation.m */; };
		818BE4241584618B00775392 /* PunchOnLogsViewController.m in Sources */ = {isa = PBXBuildFile; fileRef = 818BE4231584618B00775392 /* PunchOnLogsViewController.m */; };
		818BE42A1584689400775392 /* MapKit.framework in Frameworks */ = {isa = PBXBuildFile; fileRef = 818BE4291584689400775392 /* MapKit.framework */; };
		818BE42C1584689E00775392 /* CoreLocation.framework in Frameworks */ = {isa = PBXBuildFile; fileRef = 818BE42B1584689E00775392 /* CoreLocation.framework */; };
/* End PBXBuildFile section */

/* Begin PBXContainerItemProxy section */
		815C19FA157F63AD0019419C /* PBXContainerItemProxy */ = {
			isa = PBXContainerItemProxy;
			containerPortal = 815C19BD157F63AC0019419C /* Project object */;
			proxyType = 1;
			remoteGlobalIDString = 815C19C5157F63AD0019419C;
			remoteInfo = shmyki;
		};
/* End PBXContainerItemProxy section */

/* Begin PBXFileReference section */
		814B25961589E88A0067D161 /* PunchOnIssues.h */ = {isa = PBXFileReference; fileEncoding = 4; lastKnownFileType = sourcecode.c.h; path = PunchOnIssues.h; sourceTree = "<group>"; };
		814B25971589E88A0067D161 /* PunchOnIssues.m */ = {isa = PBXFileReference; fileEncoding = 4; lastKnownFileType = sourcecode.c.objc; path = PunchOnIssues.m; sourceTree = "<group>"; };
		814B25A8158B461C0067D161 /* MykiBalanceViewController.h */ = {isa = PBXFileReference; fileEncoding = 4; lastKnownFileType = sourcecode.c.h; path = MykiBalanceViewController.h; sourceTree = "<group>"; };
		814B25A9158B461C0067D161 /* MykiBalanceViewController.m */ = {isa = PBXFileReference; fileEncoding = 4; lastKnownFileType = sourcecode.c.objc; path = MykiBalanceViewController.m; sourceTree = "<group>"; };
		814B25AA158B461C0067D161 /* MykiBalanceViewController.xib */ = {isa = PBXFileReference; fileEncoding = 4; lastKnownFileType = file.xib; path = MykiBalanceViewController.xib; sourceTree = "<group>"; };
		815C19C6157F63AD0019419C /* shmyki.app */ = {isa = PBXFileReference; explicitFileType = wrapper.application; includeInIndex = 0; path = shmyki.app; sourceTree = BUILT_PRODUCTS_DIR; };
		815C19CA157F63AD0019419C /* UIKit.framework */ = {isa = PBXFileReference; lastKnownFileType = wrapper.framework; name = UIKit.framework; path = System/Library/Frameworks/UIKit.framework; sourceTree = SDKROOT; };
		815C19CC157F63AD0019419C /* Foundation.framework */ = {isa = PBXFileReference; lastKnownFileType = wrapper.framework; name = Foundation.framework; path = System/Library/Frameworks/Foundation.framework; sourceTree = SDKROOT; };
		815C19CE157F63AD0019419C /* CoreGraphics.framework */ = {isa = PBXFileReference; lastKnownFileType = wrapper.framework; name = CoreGraphics.framework; path = System/Library/Frameworks/CoreGraphics.framework; sourceTree = SDKROOT; };
		815C19D2157F63AD0019419C /* shmyki-Info.plist */ = {isa = PBXFileReference; lastKnownFileType = text.plist.xml; path = "shmyki-Info.plist"; sourceTree = "<group>"; };
		815C19D4157F63AD0019419C /* en */ = {isa = PBXFileReference; lastKnownFileType = text.plist.strings; name = en; path = en.lproj/InfoPlist.strings; sourceTree = "<group>"; };
		815C19D6157F63AD0019419C /* main.m */ = {isa = PBXFileReference; lastKnownFileType = sourcecode.c.objc; path = main.m; sourceTree = "<group>"; };
		815C19D8157F63AD0019419C /* shmyki-Prefix.pch */ = {isa = PBXFileReference; lastKnownFileType = sourcecode.c.h; path = "shmyki-Prefix.pch"; sourceTree = "<group>"; };
		815C19D9157F63AD0019419C /* AppDelegate.h */ = {isa = PBXFileReference; lastKnownFileType = sourcecode.c.h; path = AppDelegate.h; sourceTree = "<group>"; };
		815C19DA157F63AD0019419C /* AppDelegate.m */ = {isa = PBXFileReference; lastKnownFileType = sourcecode.c.objc; path = AppDelegate.m; sourceTree = "<group>"; };
		815C19F5157F63AD0019419C /* shmykiTests.octest */ = {isa = PBXFileReference; explicitFileType = wrapper.cfbundle; includeInIndex = 0; path = shmykiTests.octest; sourceTree = BUILT_PRODUCTS_DIR; };
		815C19F6157F63AD0019419C /* SenTestingKit.framework */ = {isa = PBXFileReference; lastKnownFileType = wrapper.framework; name = SenTestingKit.framework; path = Library/Frameworks/SenTestingKit.framework; sourceTree = DEVELOPER_DIR; };
		815C19FE157F63AD0019419C /* shmykiTests-Info.plist */ = {isa = PBXFileReference; lastKnownFileType = text.plist.xml; path = "shmykiTests-Info.plist"; sourceTree = "<group>"; };
		815C1A00157F63AD0019419C /* en */ = {isa = PBXFileReference; lastKnownFileType = text.plist.strings; name = en; path = en.lproj/InfoPlist.strings; sourceTree = "<group>"; };
		815C1A02157F63AD0019419C /* shmykiTests.h */ = {isa = PBXFileReference; lastKnownFileType = sourcecode.c.h; path = shmykiTests.h; sourceTree = "<group>"; };
		815C1A03157F63AD0019419C /* shmykiTests.m */ = {isa = PBXFileReference; lastKnownFileType = sourcecode.c.objc; path = shmykiTests.m; sourceTree = "<group>"; };
		815C1A0D157F64470019419C /* PunchOnViewController.h */ = {isa = PBXFileReference; fileEncoding = 4; lastKnownFileType = sourcecode.c.h; path = PunchOnViewController.h; sourceTree = "<group>"; };
		815C1A0E157F64470019419C /* PunchOnViewController.m */ = {isa = PBXFileReference; fileEncoding = 4; lastKnownFileType = sourcecode.c.objc; path = PunchOnViewController.m; sourceTree = "<group>"; };
		815C1A0F157F64470019419C /* PunchOnViewController.xib */ = {isa = PBXFileReference; fileEncoding = 4; lastKnownFileType = file.xib; path = PunchOnViewController.xib; sourceTree = "<group>"; };
		815C1A21157F68D20019419C /* InspectorMapViewController.h */ = {isa = PBXFileReference; fileEncoding = 4; lastKnownFileType = sourcecode.c.h; path = InspectorMapViewController.h; sourceTree = "<group>"; };
		815C1A22157F68D20019419C /* InspectorMapViewController.m */ = {isa = PBXFileReference; fileEncoding = 4; lastKnownFileType = sourcecode.c.objc; path = InspectorMapViewController.m; sourceTree = "<group>"; };
		815C1A23157F68D20019419C /* InspectorMapViewController.xib */ = {isa = PBXFileReference; fileEncoding = 4; lastKnownFileType = file.xib; path = InspectorMapViewController.xib; sourceTree = "<group>"; };
		815C1A26157F79490019419C /* InformationViewController.h */ = {isa = PBXFileReference; fileEncoding = 4; lastKnownFileType = sourcecode.c.h; path = InformationViewController.h; sourceTree = "<group>"; };
		815C1A27157F79490019419C /* InformationViewController.m */ = {isa = PBXFileReference; fileEncoding = 4; lastKnownFileType = sourcecode.c.objc; path = InformationViewController.m; sourceTree = "<group>"; };
		815C1A28157F79490019419C /* InformationViewController.xib */ = {isa = PBXFileReference; fileEncoding = 4; lastKnownFileType = file.xib; path = InformationViewController.xib; sourceTree = "<group>"; };
		815C1A2B157F836C0019419C /* EnterIssueViewController.h */ = {isa = PBXFileReference; fileEncoding = 4; lastKnownFileType = sourcecode.c.h; path = EnterIssueViewController.h; sourceTree = "<group>"; };
		815C1A2C157F836C0019419C /* EnterIssueViewController.m */ = {isa = PBXFileReference; fileEncoding = 4; lastKnownFileType = sourcecode.c.objc; path = EnterIssueViewController.m; sourceTree = "<group>"; };
		815C1A2D157F836C0019419C /* EnterIssueViewController.xib */ = {isa = PBXFileReference; fileEncoding = 4; lastKnownFileType = file.xib; path = EnterIssueViewController.xib; sourceTree = "<group>"; };
		815C1A8A1580AD800019419C /* Parse.framework */ = {isa = PBXFileReference; lastKnownFileType = wrapper.framework; path = Parse.framework; sourceTree = "<group>"; };
		815C1A8C1580AE7B0019419C /* AudioToolbox.framework */ = {isa = PBXFileReference; lastKnownFileType = wrapper.framework; name = AudioToolbox.framework; path = System/Library/Frameworks/AudioToolbox.framework; sourceTree = SDKROOT; };
		815C1A8E1580AE870019419C /* CFNetwork.framework */ = {isa = PBXFileReference; lastKnownFileType = wrapper.framework; name = CFNetwork.framework; path = System/Library/Frameworks/CFNetwork.framework; sourceTree = SDKROOT; };
		815C1A901580AEA40019419C /* SystemConfiguration.framework */ = {isa = PBXFileReference; lastKnownFileType = wrapper.framework; name = SystemConfiguration.framework; path = System/Library/Frameworks/SystemConfiguration.framework; sourceTree = SDKROOT; };
		815C1A921580AEB50019419C /* MobileCoreServices.framework */ = {isa = PBXFileReference; lastKnownFileType = wrapper.framework; name = MobileCoreServices.framework; path = System/Library/Frameworks/MobileCoreServices.framework; sourceTree = SDKROOT; };
		815C1A941580AF110019419C /* libz.1.1.3.dylib */ = {isa = PBXFileReference; lastKnownFileType = "compiled.mach-o.dylib"; name = libz.1.1.3.dylib; path = usr/lib/libz.1.1.3.dylib; sourceTree = SDKROOT; };
		815C1A961580AF200019419C /* Security.framework */ = {isa = PBXFileReference; lastKnownFileType = wrapper.framework; name = Security.framework; path = System/Library/Frameworks/Security.framework; sourceTree = SDKROOT; };
		815C1A981580AF2B0019419C /* QuartzCore.framework */ = {isa = PBXFileReference; lastKnownFileType = wrapper.framework; name = QuartzCore.framework; path = System/Library/Frameworks/QuartzCore.framework; sourceTree = SDKROOT; };
		817BFA501587277100F3BEE1 /* ShmykiContstants.h */ = {isa = PBXFileReference; fileEncoding = 4; lastKnownFileType = sourcecode.c.h; path = ShmykiContstants.h; sourceTree = "<group>"; };
		817BFA511587277100F3BEE1 /* ShmykiContstants.m */ = {isa = PBXFileReference; fileEncoding = 4; lastKnownFileType = sourcecode.c.objc; path = ShmykiContstants.m; sourceTree = "<group>"; };
		818020AA1585EC7300501773 /* images */ = {isa = PBXFileReference; lastKnownFileType = folder; path = images; sourceTree = SOURCE_ROOT; };
		818811461585A9DA00CDDF3E /* InspectorMapKitAnnotation.h */ = {isa = PBXFileReference; fileEncoding = 4; lastKnownFileType = sourcecode.c.h; path = InspectorMapKitAnnotation.h; sourceTree = "<group>"; };
		818811471585A9DA00CDDF3E /* InspectorMapKitAnnotation.m */ = {isa = PBXFileReference; fileEncoding = 4; lastKnownFileType = sourcecode.c.objc; path = InspectorMapKitAnnotation.m; sourceTree = "<group>"; };
		818BE4221584618A00775392 /* PunchOnLogsViewController.h */ = {isa = PBXFileReference; fileEncoding = 4; lastKnownFileType = sourcecode.c.h; path = PunchOnLogsViewController.h; sourceTree = "<group>"; };
		818BE4231584618B00775392 /* PunchOnLogsViewController.m */ = {isa = PBXFileReference; fileEncoding = 4; lastKnownFileType = sourcecode.c.objc; path = PunchOnLogsViewController.m; sourceTree = "<group>"; };
		818BE4291584689400775392 /* MapKit.framework */ = {isa = PBXFileReference; lastKnownFileType = wrapper.framework; name = MapKit.framework; path = System/Library/Frameworks/MapKit.framework; sourceTree = SDKROOT; };
		818BE42B1584689E00775392 /* CoreLocation.framework */ = {isa = PBXFileReference; lastKnownFileType = wrapper.framework; name = CoreLocation.framework; path = System/Library/Frameworks/CoreLocation.framework; sourceTree = SDKROOT; };
/* End PBXFileReference section */

/* Begin PBXFrameworksBuildPhase section */
		815C19C3157F63AD0019419C /* Frameworks */ = {
			isa = PBXFrameworksBuildPhase;
			buildActionMask = 2147483647;
			files = (
				818BE42C1584689E00775392 /* CoreLocation.framework in Frameworks */,
				818BE42A1584689400775392 /* MapKit.framework in Frameworks */,
				815C1A991580AF2B0019419C /* QuartzCore.framework in Frameworks */,
				815C1A971580AF200019419C /* Security.framework in Frameworks */,
				815C1A951580AF120019419C /* libz.1.1.3.dylib in Frameworks */,
				815C1A931580AEB50019419C /* MobileCoreServices.framework in Frameworks */,
				815C1A911580AEA40019419C /* SystemConfiguration.framework in Frameworks */,
				815C1A8F1580AE870019419C /* CFNetwork.framework in Frameworks */,
				815C1A8D1580AE7C0019419C /* AudioToolbox.framework in Frameworks */,
				815C19CB157F63AD0019419C /* UIKit.framework in Frameworks */,
				815C19CD157F63AD0019419C /* Foundation.framework in Frameworks */,
				815C19CF157F63AD0019419C /* CoreGraphics.framework in Frameworks */,
				815C1A8B1580AD800019419C /* Parse.framework in Frameworks */,
			);
			runOnlyForDeploymentPostprocessing = 0;
		};
		815C19F1157F63AD0019419C /* Frameworks */ = {
			isa = PBXFrameworksBuildPhase;
			buildActionMask = 2147483647;
			files = (
				815C19F7157F63AD0019419C /* SenTestingKit.framework in Frameworks */,
				815C19F8157F63AD0019419C /* UIKit.framework in Frameworks */,
				815C19F9157F63AD0019419C /* Foundation.framework in Frameworks */,
			);
			runOnlyForDeploymentPostprocessing = 0;
		};
/* End PBXFrameworksBuildPhase section */

/* Begin PBXGroup section */
		815C19BB157F63AC0019419C = {
			isa = PBXGroup;
			children = (
				815C19D0157F63AD0019419C /* shmyki */,
				815C19FC157F63AD0019419C /* shmykiTests */,
				815C19C9157F63AD0019419C /* Frameworks */,
				815C19C7157F63AD0019419C /* Products */,
			);
			sourceTree = "<group>";
		};
		815C19C7157F63AD0019419C /* Products */ = {
			isa = PBXGroup;
			children = (
				815C19C6157F63AD0019419C /* shmyki.app */,
				815C19F5157F63AD0019419C /* shmykiTests.octest */,
			);
			name = Products;
			sourceTree = "<group>";
		};
		815C19C9157F63AD0019419C /* Frameworks */ = {
			isa = PBXGroup;
			children = (
				818BE42B1584689E00775392 /* CoreLocation.framework */,
				818BE4291584689400775392 /* MapKit.framework */,
				815C1A981580AF2B0019419C /* QuartzCore.framework */,
				815C1A961580AF200019419C /* Security.framework */,
				815C1A941580AF110019419C /* libz.1.1.3.dylib */,
				815C1A921580AEB50019419C /* MobileCoreServices.framework */,
				815C1A901580AEA40019419C /* SystemConfiguration.framework */,
				815C1A8E1580AE870019419C /* CFNetwork.framework */,
				815C1A8C1580AE7B0019419C /* AudioToolbox.framework */,
				815C1A8A1580AD800019419C /* Parse.framework */,
				815C19CA157F63AD0019419C /* UIKit.framework */,
				815C19CC157F63AD0019419C /* Foundation.framework */,
				815C19CE157F63AD0019419C /* CoreGraphics.framework */,
				815C19F6157F63AD0019419C /* SenTestingKit.framework */,
			);
			name = Frameworks;
			sourceTree = "<group>";
		};
		815C19D0157F63AD0019419C /* shmyki */ = {
			isa = PBXGroup;
			children = (
				815C1A18157F64DF0019419C /* Model */,
				815C1A17157F64930019419C /* Images */,
				815C19D9157F63AD0019419C /* AppDelegate.h */,
				815C19DA157F63AD0019419C /* AppDelegate.m */,
				815C1A16157F64750019419C /* ViewControllers */,
				815C19D1157F63AD0019419C /* Supporting Files */,
			);
			path = shmyki;
			sourceTree = "<group>";
		};
		815C19D1157F63AD0019419C /* Supporting Files */ = {
			isa = PBXGroup;
			children = (
				815C19D2157F63AD0019419C /* shmyki-Info.plist */,
				815C19D3157F63AD0019419C /* InfoPlist.strings */,
				815C19D6157F63AD0019419C /* main.m */,
				815C19D8157F63AD0019419C /* shmyki-Prefix.pch */,
			);
			name = "Supporting Files";
			sourceTree = "<group>";
		};
		815C19FC157F63AD0019419C /* shmykiTests */ = {
			isa = PBXGroup;
			children = (
				815C1A02157F63AD0019419C /* shmykiTests.h */,
				815C1A03157F63AD0019419C /* shmykiTests.m */,
				815C19FD157F63AD0019419C /* Supporting Files */,
			);
			path = shmykiTests;
			sourceTree = "<group>";
		};
		815C19FD157F63AD0019419C /* Supporting Files */ = {
			isa = PBXGroup;
			children = (
				815C19FE157F63AD0019419C /* shmykiTests-Info.plist */,
				815C19FF157F63AD0019419C /* InfoPlist.strings */,
			);
			name = "Supporting Files";
			sourceTree = "<group>";
		};
		815C1A16157F64750019419C /* ViewControllers */ = {
			isa = PBXGroup;
			children = (
				815C1A0D157F64470019419C /* PunchOnViewController.h */,
				815C1A0E157F64470019419C /* PunchOnViewController.m */,
				815C1A0F157F64470019419C /* PunchOnViewController.xib */,
				815C1A21157F68D20019419C /* InspectorMapViewController.h */,
				815C1A22157F68D20019419C /* InspectorMapViewController.m */,
				815C1A23157F68D20019419C /* InspectorMapViewController.xib */,
				815C1A26157F79490019419C /* InformationViewController.h */,
				815C1A27157F79490019419C /* InformationViewController.m */,
				815C1A28157F79490019419C /* InformationViewController.xib */,
				818BE4221584618A00775392 /* PunchOnLogsViewController.h */,
				818BE4231584618B00775392 /* PunchOnLogsViewController.m */,
				815C1A2B157F836C0019419C /* EnterIssueViewController.h */,
				815C1A2C157F836C0019419C /* EnterIssueViewController.m */,
				815C1A2D157F836C0019419C /* EnterIssueViewController.xib */,
				814B25A8158B461C0067D161 /* MykiBalanceViewController.h */,
				814B25A9158B461C0067D161 /* MykiBalanceViewController.m */,
				814B25AA158B461C0067D161 /* MykiBalanceViewController.xib */,
			);
			name = ViewControllers;
			sourceTree = "<group>";
		};
		815C1A17157F64930019419C /* Images */ = {
			isa = PBXGroup;
			children = (
				818020AA1585EC7300501773 /* images */,
			);
			name = Images;
			sourceTree = "<group>";
		};
		815C1A18157F64DF0019419C /* Model */ = {
			isa = PBXGroup;
			children = (
				818811461585A9DA00CDDF3E /* InspectorMapKitAnnotation.h */,
				818811471585A9DA00CDDF3E /* InspectorMapKitAnnotation.m */,
				817BFA501587277100F3BEE1 /* ShmykiContstants.h */,
				817BFA511587277100F3BEE1 /* ShmykiContstants.m */,
				814B25961589E88A0067D161 /* PunchOnIssues.h */,
				814B25971589E88A0067D161 /* PunchOnIssues.m */,
			);
			name = Model;
			sourceTree = "<group>";
		};
/* End PBXGroup section */

/* Begin PBXNativeTarget section */
		815C19C5157F63AD0019419C /* shmyki */ = {
			isa = PBXNativeTarget;
			buildConfigurationList = 815C1A07157F63AD0019419C /* Build configuration list for PBXNativeTarget "shmyki" */;
			buildPhases = (
				815C19C2157F63AD0019419C /* Sources */,
				815C19C3157F63AD0019419C /* Frameworks */,
				815C19C4157F63AD0019419C /* Resources */,
			);
			buildRules = (
			);
			dependencies = (
			);
			name = shmyki;
			productName = shmyki;
			productReference = 815C19C6157F63AD0019419C /* shmyki.app */;
			productType = "com.apple.product-type.application";
		};
		815C19F4157F63AD0019419C /* shmykiTests */ = {
			isa = PBXNativeTarget;
			buildConfigurationList = 815C1A0A157F63AD0019419C /* Build configuration list for PBXNativeTarget "shmykiTests" */;
			buildPhases = (
				815C19F0157F63AD0019419C /* Sources */,
				815C19F1157F63AD0019419C /* Frameworks */,
				815C19F2157F63AD0019419C /* Resources */,
				815C19F3157F63AD0019419C /* ShellScript */,
			);
			buildRules = (
			);
			dependencies = (
				815C19FB157F63AD0019419C /* PBXTargetDependency */,
			);
			name = shmykiTests;
			productName = shmykiTests;
			productReference = 815C19F5157F63AD0019419C /* shmykiTests.octest */;
			productType = "com.apple.product-type.bundle";
		};
/* End PBXNativeTarget section */

/* Begin PBXProject section */
		815C19BD157F63AC0019419C /* Project object */ = {
			isa = PBXProject;
			attributes = {
				LastUpgradeCheck = 0430;
				ORGANIZATIONNAME = "DWS Limited";
			};
			buildConfigurationList = 815C19C0157F63AC0019419C /* Build configuration list for PBXProject "shmyki" */;
			compatibilityVersion = "Xcode 3.2";
			developmentRegion = English;
			hasScannedForEncodings = 0;
			knownRegions = (
				en,
			);
			mainGroup = 815C19BB157F63AC0019419C;
			productRefGroup = 815C19C7157F63AD0019419C /* Products */;
			projectDirPath = "";
			projectRoot = "";
			targets = (
				815C19C5157F63AD0019419C /* shmyki */,
				815C19F4157F63AD0019419C /* shmykiTests */,
			);
		};
/* End PBXProject section */

/* Begin PBXResourcesBuildPhase section */
		815C19C4157F63AD0019419C /* Resources */ = {
			isa = PBXResourcesBuildPhase;
			buildActionMask = 2147483647;
			files = (
				815C19D5157F63AD0019419C /* InfoPlist.strings in Resources */,
				815C1A11157F64470019419C /* PunchOnViewController.xib in Resources */,
				815C1A25157F68D20019419C /* InspectorMapViewController.xib in Resources */,
				815C1A2A157F79490019419C /* InformationViewController.xib in Resources */,
				815C1A2F157F836D0019419C /* EnterIssueViewController.xib in Resources */,
				818020AB1585EC7300501773 /* images in Resources */,
				814B25AC158B461D0067D161 /* MykiBalanceViewController.xib in Resources */,
			);
			runOnlyForDeploymentPostprocessing = 0;
		};
		815C19F2157F63AD0019419C /* Resources */ = {
			isa = PBXResourcesBuildPhase;
			buildActionMask = 2147483647;
			files = (
				815C1A01157F63AD0019419C /* InfoPlist.strings in Resources */,
			);
			runOnlyForDeploymentPostprocessing = 0;
		};
/* End PBXResourcesBuildPhase section */

/* Begin PBXShellScriptBuildPhase section */
		815C19F3157F63AD0019419C /* ShellScript */ = {
			isa = PBXShellScriptBuildPhase;
			buildActionMask = 2147483647;
			files = (
			);
			inputPaths = (
			);
			outputPaths = (
			);
			runOnlyForDeploymentPostprocessing = 0;
			shellPath = /bin/sh;
			shellScript = "# Run the unit tests in this test bundle.\n\"${SYSTEM_DEVELOPER_DIR}/Tools/RunUnitTests\"\n";
		};
/* End PBXShellScriptBuildPhase section */

/* Begin PBXSourcesBuildPhase section */
		815C19C2157F63AD0019419C /* Sources */ = {
			isa = PBXSourcesBuildPhase;
			buildActionMask = 2147483647;
			files = (
				815C19D7157F63AD0019419C /* main.m in Sources */,
				815C19DB157F63AD0019419C /* AppDelegate.m in Sources */,
				815C1A10157F64470019419C /* PunchOnViewController.m in Sources */,
				815C1A24157F68D20019419C /* InspectorMapViewController.m in Sources */,
				815C1A29157F79490019419C /* InformationViewController.m in Sources */,
				815C1A2E157F836D0019419C /* EnterIssueViewController.m in Sources */,
				818BE4241584618B00775392 /* PunchOnLogsViewController.m in Sources */,
				818811481585A9DA00CDDF3E /* InspectorMapKitAnnotation.m in Sources */,
				817BFA521587277100F3BEE1 /* ShmykiContstants.m in Sources */,
				814B25981589E88A0067D161 /* PunchOnIssues.m in Sources */,
				814B25AB158B461D0067D161 /* MykiBalanceViewController.m in Sources */,
			);
			runOnlyForDeploymentPostprocessing = 0;
		};
		815C19F0157F63AD0019419C /* Sources */ = {
			isa = PBXSourcesBuildPhase;
			buildActionMask = 2147483647;
			files = (
				815C1A04157F63AD0019419C /* shmykiTests.m in Sources */,
			);
			runOnlyForDeploymentPostprocessing = 0;
		};
/* End PBXSourcesBuildPhase section */

/* Begin PBXTargetDependency section */
		815C19FB157F63AD0019419C /* PBXTargetDependency */ = {
			isa = PBXTargetDependency;
			target = 815C19C5157F63AD0019419C /* shmyki */;
			targetProxy = 815C19FA157F63AD0019419C /* PBXContainerItemProxy */;
		};
/* End PBXTargetDependency section */

/* Begin PBXVariantGroup section */
		815C19D3157F63AD0019419C /* InfoPlist.strings */ = {
			isa = PBXVariantGroup;
			children = (
				815C19D4157F63AD0019419C /* en */,
			);
			name = InfoPlist.strings;
			sourceTree = "<group>";
		};
		815C19FF157F63AD0019419C /* InfoPlist.strings */ = {
			isa = PBXVariantGroup;
			children = (
				815C1A00157F63AD0019419C /* en */,
			);
			name = InfoPlist.strings;
			sourceTree = "<group>";
		};
/* End PBXVariantGroup section */

/* Begin XCBuildConfiguration section */
		815C1A05157F63AD0019419C /* Debug */ = {
			isa = XCBuildConfiguration;
			buildSettings = {
				ALWAYS_SEARCH_USER_PATHS = NO;
				ARCHS = "$(ARCHS_STANDARD_32_BIT)";
				CLANG_ENABLE_OBJC_ARC = YES;
				"CODE_SIGN_IDENTITY[sdk=iphoneos*]" = "iPhone Developer";
				COPY_PHASE_STRIP = NO;
				GCC_C_LANGUAGE_STANDARD = gnu99;
				GCC_DYNAMIC_NO_PIC = NO;
				GCC_OPTIMIZATION_LEVEL = 0;
				GCC_PREPROCESSOR_DEFINITIONS = (
					"DEBUG=1",
					"$(inherited)",
				);
				GCC_SYMBOLS_PRIVATE_EXTERN = NO;
				GCC_VERSION = com.apple.compilers.llvm.clang.1_0;
				GCC_WARN_ABOUT_MISSING_PROTOTYPES = YES;
				GCC_WARN_ABOUT_RETURN_TYPE = YES;
				GCC_WARN_UNUSED_VARIABLE = YES;
				IPHONEOS_DEPLOYMENT_TARGET = 4.3;
				SDKROOT = iphoneos;
			};
			name = Debug;
		};
		815C1A06157F63AD0019419C /* Release */ = {
			isa = XCBuildConfiguration;
			buildSettings = {
				ALWAYS_SEARCH_USER_PATHS = NO;
				ARCHS = "$(ARCHS_STANDARD_32_BIT)";
				CLANG_ENABLE_OBJC_ARC = YES;
				"CODE_SIGN_IDENTITY[sdk=iphoneos*]" = "iPhone Developer";
				COPY_PHASE_STRIP = YES;
				GCC_C_LANGUAGE_STANDARD = gnu99;
				GCC_VERSION = com.apple.compilers.llvm.clang.1_0;
				GCC_WARN_ABOUT_MISSING_PROTOTYPES = YES;
				GCC_WARN_ABOUT_RETURN_TYPE = YES;
				GCC_WARN_UNUSED_VARIABLE = YES;
				IPHONEOS_DEPLOYMENT_TARGET = 4.3;
				OTHER_CFLAGS = "-DNS_BLOCK_ASSERTIONS=1";
				SDKROOT = iphoneos;
				VALIDATE_PRODUCT = YES;
			};
			name = Release;
		};
		815C1A08157F63AD0019419C /* Debug */ = {
			isa = XCBuildConfiguration;
			buildSettings = {
				CODE_SIGN_IDENTITY = "iPhone Developer: Robert Wagstaff (8ELYU7XP26)";
				FRAMEWORK_SEARCH_PATHS = (
					"$(inherited)",
					"\"$(SRCROOT)\"",
				);
				GCC_PRECOMPILE_PREFIX_HEADER = YES;
				GCC_PREFIX_HEADER = "shmyki/shmyki-Prefix.pch";
				INFOPLIST_FILE = "shmyki/shmyki-Info.plist";
				IPHONEOS_DEPLOYMENT_TARGET = 4.3;
				OTHER_LDFLAGS = "-fobjc-arc";
				PRODUCT_NAME = "$(TARGET_NAME)";
				PROVISIONING_PROFILE = "6B09CCE4-97F6-4C58-BE2D-BB5D78A73125";
				WRAPPER_EXTENSION = app;
			};
			name = Debug;
		};
		815C1A09157F63AD0019419C /* Release */ = {
			isa = XCBuildConfiguration;
			buildSettings = {
				CODE_SIGN_IDENTITY = "iPhone Developer: Robert Wagstaff (8ELYU7XP26)";
				FRAMEWORK_SEARCH_PATHS = (
					"$(inherited)",
					"\"$(SRCROOT)\"",
				);
				GCC_PRECOMPILE_PREFIX_HEADER = YES;
				GCC_PREFIX_HEADER = "shmyki/shmyki-Prefix.pch";
				INFOPLIST_FILE = "shmyki/shmyki-Info.plist";
				IPHONEOS_DEPLOYMENT_TARGET = 4.3;
				OTHER_LDFLAGS = "-fobjc-arc";
				PRODUCT_NAME = "$(TARGET_NAME)";
				PROVISIONING_PROFILE = "6B09CCE4-97F6-4C58-BE2D-BB5D78A73125";
				WRAPPER_EXTENSION = app;
			};
			name = Release;
		};
		815C1A0B157F63AD0019419C /* Debug */ = {
			isa = XCBuildConfiguration;
			buildSettings = {
				BUNDLE_LOADER = "$(BUILT_PRODUCTS_DIR)/shmyki.app/shmyki";
				FRAMEWORK_SEARCH_PATHS = (
					"$(SDKROOT)/Developer/Library/Frameworks",
					"$(DEVELOPER_LIBRARY_DIR)/Frameworks",
				);
				GCC_PRECOMPILE_PREFIX_HEADER = YES;
				GCC_PREFIX_HEADER = "shmyki/shmyki-Prefix.pch";
				INFOPLIST_FILE = "shmykiTests/shmykiTests-Info.plist";
				PRODUCT_NAME = "$(TARGET_NAME)";
				TEST_HOST = "$(BUNDLE_LOADER)";
				WRAPPER_EXTENSION = octest;
			};
			name = Debug;
		};
		815C1A0C157F63AD0019419C /* Release */ = {
			isa = XCBuildConfiguration;
			buildSettings = {
				BUNDLE_LOADER = "$(BUILT_PRODUCTS_DIR)/shmyki.app/shmyki";
				FRAMEWORK_SEARCH_PATHS = (
					"$(SDKROOT)/Developer/Library/Frameworks",
					"$(DEVELOPER_LIBRARY_DIR)/Frameworks",
				);
				GCC_PRECOMPILE_PREFIX_HEADER = YES;
				GCC_PREFIX_HEADER = "shmyki/shmyki-Prefix.pch";
				INFOPLIST_FILE = "shmykiTests/shmykiTests-Info.plist";
				PRODUCT_NAME = "$(TARGET_NAME)";
				TEST_HOST = "$(BUNDLE_LOADER)";
				WRAPPER_EXTENSION = octest;
			};
			name = Release;
		};
/* End XCBuildConfiguration section */

/* Begin XCConfigurationList section */
		815C19C0157F63AC0019419C /* Build configuration list for PBXProject "shmyki" */ = {
			isa = XCConfigurationList;
			buildConfigurations = (
				815C1A05157F63AD0019419C /* Debug */,
				815C1A06157F63AD0019419C /* Release */,
			);
			defaultConfigurationIsVisible = 0;
			defaultConfigurationName = Release;
		};
		815C1A07157F63AD0019419C /* Build configuration list for PBXNativeTarget "shmyki" */ = {
			isa = XCConfigurationList;
			buildConfigurations = (
				815C1A08157F63AD0019419C /* Debug */,
				815C1A09157F63AD0019419C /* Release */,
			);
			defaultConfigurationIsVisible = 0;
			defaultConfigurationName = Release;
		};
		815C1A0A157F63AD0019419C /* Build configuration list for PBXNativeTarget "shmykiTests" */ = {
			isa = XCConfigurationList;
			buildConfigurations = (
				815C1A0B157F63AD0019419C /* Debug */,
				815C1A0C157F63AD0019419C /* Release */,
			);
			defaultConfigurationIsVisible = 0;
			defaultConfigurationName = Release;
		};
/* End XCConfigurationList section */
	};
	rootObject = 815C19BD157F63AC0019419C /* Project object */;
}
